// !$*UTF8*$!
{
	archiveVersion = 1;
	classes = {
	};
	objectVersion = 50;
	objects = {

/* Begin PBXBuildFile section */
		40935D36217F71B30056C6E0 /* AppDelegate.m in Sources */ = {isa = PBXBuildFile; fileRef = 40935D35217F71B30056C6E0 /* AppDelegate.m */; };
		40935D38217F71B30056C6E0 /* Assets.xcassets in Resources */ = {isa = PBXBuildFile; fileRef = 40935D37217F71B30056C6E0 /* Assets.xcassets */; };
		40935D3B217F71B30056C6E0 /* MainMenu.xib in Resources */ = {isa = PBXBuildFile; fileRef = 40935D39217F71B30056C6E0 /* MainMenu.xib */; };
		40935D3E217F71B30056C6E0 /* main.m in Sources */ = {isa = PBXBuildFile; fileRef = 40935D3D217F71B30056C6E0 /* main.m */; };
		40935D4B217F839D0056C6E0 /* Globals.m in Sources */ = {isa = PBXBuildFile; fileRef = 40935D46217F839D0056C6E0 /* Globals.m */; };
/* End PBXBuildFile section */

/* Begin PBXFileReference section */
		40935D31217F71B30056C6E0 /* ScriptRunner.app */ = {isa = PBXFileReference; explicitFileType = wrapper.application; includeInIndex = 0; path = ScriptRunner.app; sourceTree = BUILT_PRODUCTS_DIR; };
		40935D34217F71B30056C6E0 /* AppDelegate.h */ = {isa = PBXFileReference; lastKnownFileType = sourcecode.c.h; path = AppDelegate.h; sourceTree = "<group>"; };
		40935D35217F71B30056C6E0 /* AppDelegate.m */ = {isa = PBXFileReference; lastKnownFileType = sourcecode.c.objc; path = AppDelegate.m; sourceTree = "<group>"; };
		40935D37217F71B30056C6E0 /* Assets.xcassets */ = {isa = PBXFileReference; lastKnownFileType = folder.assetcatalog; path = Assets.xcassets; sourceTree = "<group>"; };
		40935D3A217F71B30056C6E0 /* Base */ = {isa = PBXFileReference; lastKnownFileType = file.xib; name = Base; path = Base.lproj/MainMenu.xib; sourceTree = "<group>"; };
		40935D3C217F71B30056C6E0 /* Info.plist */ = {isa = PBXFileReference; lastKnownFileType = text.plist.xml; path = Info.plist; sourceTree = "<group>"; };
		40935D3D217F71B30056C6E0 /* main.m */ = {isa = PBXFileReference; lastKnownFileType = sourcecode.c.objc; path = main.m; sourceTree = "<group>"; };
		40935D3F217F71B30056C6E0 /* ScriptRunner.entitlements */ = {isa = PBXFileReference; lastKnownFileType = text.plist.entitlements; path = ScriptRunner.entitlements; sourceTree = "<group>"; };
		40935D46217F839D0056C6E0 /* Globals.m */ = {isa = PBXFileReference; fileEncoding = 4; lastKnownFileType = sourcecode.c.objc; path = Globals.m; sourceTree = "<group>"; };
		40935D47217F839D0056C6E0 /* Globals.h */ = {isa = PBXFileReference; fileEncoding = 4; lastKnownFileType = sourcecode.c.h; path = Globals.h; sourceTree = "<group>"; };
/* End PBXFileReference section */

/* Begin PBXFrameworksBuildPhase section */
		40935D2E217F71B20056C6E0 /* Frameworks */ = {
			isa = PBXFrameworksBuildPhase;
			buildActionMask = 2147483647;
			files = (
			);
			runOnlyForDeploymentPostprocessing = 0;
		};
/* End PBXFrameworksBuildPhase section */

/* Begin PBXGroup section */
		40935D28217F71B20056C6E0 = {
			isa = PBXGroup;
			children = (
				40935D33217F71B30056C6E0 /* ScriptRunner */,
				40935D32217F71B30056C6E0 /* Products */,
			);
			sourceTree = "<group>";
		};
		40935D32217F71B30056C6E0 /* Products */ = {
			isa = PBXGroup;
			children = (
				40935D31217F71B30056C6E0 /* ScriptRunner.app */,
			);
			name = Products;
			sourceTree = "<group>";
		};
		40935D33217F71B30056C6E0 /* ScriptRunner */ = {
			isa = PBXGroup;
			children = (
				40935D34217F71B30056C6E0 /* AppDelegate.h */,
				40935D35217F71B30056C6E0 /* AppDelegate.m */,
				40935D37217F71B30056C6E0 /* Assets.xcassets */,
				40935D39217F71B30056C6E0 /* MainMenu.xib */,
				40935D3C217F71B30056C6E0 /* Info.plist */,
				40935D3D217F71B30056C6E0 /* main.m */,
				40935D47217F839D0056C6E0 /* Globals.h */,
				40935D46217F839D0056C6E0 /* Globals.m */,
				40935D3F217F71B30056C6E0 /* ScriptRunner.entitlements */,
			);
			path = ScriptRunner;
			sourceTree = "<group>";
		};
/* End PBXGroup section */

/* Begin PBXNativeTarget section */
		40935D30217F71B20056C6E0 /* ScriptRunner */ = {
			isa = PBXNativeTarget;
			buildConfigurationList = 40935D42217F71B30056C6E0 /* Build configuration list for PBXNativeTarget "ScriptRunner" */;
			buildPhases = (
				40935D2D217F71B20056C6E0 /* Sources */,
				40935D2E217F71B20056C6E0 /* Frameworks */,
				40935D2F217F71B20056C6E0 /* Resources */,
			);
			buildRules = (
			);
			dependencies = (
			);
			name = ScriptRunner;
			productName = ScriptRunner;
			productReference = 40935D31217F71B30056C6E0 /* ScriptRunner.app */;
			productType = "com.apple.product-type.application";
		};
/* End PBXNativeTarget section */

/* Begin PBXProject section */
		40935D29217F71B20056C6E0 /* Project object */ = {
			isa = PBXProject;
			attributes = {
				LastUpgradeCheck = 1000;
				ORGANIZATIONNAME = "Richard Koch";
				TargetAttributes = {
					40935D30217F71B20056C6E0 = {
						CreatedOnToolsVersion = 10.0;
						SystemCapabilities = {
							com.apple.HardenedRuntime = {
								enabled = 1;
							};
							com.apple.Sandbox = {
								enabled = 0;
							};
						};
					};
				};
			};
			buildConfigurationList = 40935D2C217F71B20056C6E0 /* Build configuration list for PBXProject "ScriptRunner" */;
			compatibilityVersion = "Xcode 9.3";
			developmentRegion = en;
			hasScannedForEncodings = 0;
			knownRegions = (
				en,
				Base,
			);
			mainGroup = 40935D28217F71B20056C6E0;
			productRefGroup = 40935D32217F71B30056C6E0 /* Products */;
			projectDirPath = "";
			projectRoot = "";
			targets = (
				40935D30217F71B20056C6E0 /* ScriptRunner */,
			);
		};
/* End PBXProject section */

/* Begin PBXResourcesBuildPhase section */
		40935D2F217F71B20056C6E0 /* Resources */ = {
			isa = PBXResourcesBuildPhase;
			buildActionMask = 2147483647;
			files = (
				40935D38217F71B30056C6E0 /* Assets.xcassets in Resources */,
				40935D3B217F71B30056C6E0 /* MainMenu.xib in Resources */,
			);
			runOnlyForDeploymentPostprocessing = 0;
		};
/* End PBXResourcesBuildPhase section */

/* Begin PBXSourcesBuildPhase section */
		40935D2D217F71B20056C6E0 /* Sources */ = {
			isa = PBXSourcesBuildPhase;
			buildActionMask = 2147483647;
			files = (
				40935D4B217F839D0056C6E0 /* Globals.m in Sources */,
				40935D3E217F71B30056C6E0 /* main.m in Sources */,
				40935D36217F71B30056C6E0 /* AppDelegate.m in Sources */,
			);
			runOnlyForDeploymentPostprocessing = 0;
		};
/* End PBXSourcesBuildPhase section */

/* Begin PBXVariantGroup section */
		40935D39217F71B30056C6E0 /* MainMenu.xib */ = {
			isa = PBXVariantGroup;
			children = (
				40935D3A217F71B30056C6E0 /* Base */,
			);
			name = MainMenu.xib;
			sourceTree = "<group>";
		};
/* End PBXVariantGroup section */

/* Begin XCBuildConfiguration section */
		40935D40217F71B30056C6E0 /* Debug */ = {
			isa = XCBuildConfiguration;
			buildSettings = {
				ALWAYS_SEARCH_USER_PATHS = NO;
				CLANG_ANALYZER_NONNULL = YES;
				CLANG_ANALYZER_NUMBER_OBJECT_CONVERSION = YES_AGGRESSIVE;
				CLANG_CXX_LANGUAGE_STANDARD = "gnu++14";
				CLANG_CXX_LIBRARY = "libc++";
				CLANG_ENABLE_MODULES = YES;
				CLANG_ENABLE_OBJC_ARC = YES;
				CLANG_ENABLE_OBJC_WEAK = YES;
				CLANG_WARN_BLOCK_CAPTURE_AUTORELEASING = YES;
				CLANG_WARN_BOOL_CONVERSION = YES;
				CLANG_WARN_COMMA = YES;
				CLANG_WARN_CONSTANT_CONVERSION = YES;
				CLANG_WARN_DEPRECATED_OBJC_IMPLEMENTATIONS = YES;
				CLANG_WARN_DIRECT_OBJC_ISA_USAGE = YES_ERROR;
				CLANG_WARN_DOCUMENTATION_COMMENTS = YES;
				CLANG_WARN_EMPTY_BODY = YES;
				CLANG_WARN_ENUM_CONVERSION = YES;
				CLANG_WARN_INFINITE_RECURSION = YES;
				CLANG_WARN_INT_CONVERSION = YES;
				CLANG_WARN_NON_LITERAL_NULL_CONVERSION = YES;
				CLANG_WARN_OBJC_IMPLICIT_RETAIN_SELF = YES;
				CLANG_WARN_OBJC_LITERAL_CONVERSION = YES;
				CLANG_WARN_OBJC_ROOT_CLASS = YES_ERROR;
				CLANG_WARN_RANGE_LOOP_ANALYSIS = YES;
				CLANG_WARN_STRICT_PROTOTYPES = YES;
				CLANG_WARN_SUSPICIOUS_MOVE = YES;
				CLANG_WARN_UNGUARDED_AVAILABILITY = YES_AGGRESSIVE;
				CLANG_WARN_UNREACHABLE_CODE = YES;
				CLANG_WARN__DUPLICATE_METHOD_MATCH = YES;
				CODE_SIGN_IDENTITY = "Mac Developer";
				COPY_PHASE_STRIP = NO;
				DEBUG_INFORMATION_FORMAT = dwarf;
				ENABLE_STRICT_OBJC_MSGSEND = YES;
				ENABLE_TESTABILITY = YES;
				GCC_C_LANGUAGE_STANDARD = gnu11;
				GCC_DYNAMIC_NO_PIC = NO;
				GCC_NO_COMMON_BLOCKS = YES;
				GCC_OPTIMIZATION_LEVEL = 0;
				GCC_PREPROCESSOR_DEFINITIONS = (
					"DEBUG=1",
					"$(inherited)",
				);
				GCC_WARN_64_TO_32_BIT_CONVERSION = YES;
				GCC_WARN_ABOUT_RETURN_TYPE = YES_ERROR;
				GCC_WARN_UNDECLARED_SELECTOR = YES;
				GCC_WARN_UNINITIALIZED_AUTOS = YES_AGGRESSIVE;
				GCC_WARN_UNUSED_FUNCTION = YES;
				GCC_WARN_UNUSED_VARIABLE = YES;
				MACOSX_DEPLOYMENT_TARGET = 10.14;
				MTL_ENABLE_DEBUG_INFO = INCLUDE_SOURCE;
				MTL_FAST_MATH = YES;
				ONLY_ACTIVE_ARCH = YES;
				SDKROOT = macosx;
			};
			name = Debug;
		};
		40935D41217F71B30056C6E0 /* Release */ = {
			isa = XCBuildConfiguration;
			buildSettings = {
				ALWAYS_SEARCH_USER_PATHS = NO;
				CLANG_ANALYZER_NONNULL = YES;
				CLANG_ANALYZER_NUMBER_OBJECT_CONVERSION = YES_AGGRESSIVE;
				CLANG_CXX_LANGUAGE_STANDARD = "gnu++14";
				CLANG_CXX_LIBRARY = "libc++";
				CLANG_ENABLE_MODULES = YES;
				CLANG_ENABLE_OBJC_ARC = YES;
				CLANG_ENABLE_OBJC_WEAK = YES;
				CLANG_WARN_BLOCK_CAPTURE_AUTORELEASING = YES;
				CLANG_WARN_BOOL_CONVERSION = YES;
				CLANG_WARN_COMMA = YES;
				CLANG_WARN_CONSTANT_CONVERSION = YES;
				CLANG_WARN_DEPRECATED_OBJC_IMPLEMENTATIONS = YES;
				CLANG_WARN_DIRECT_OBJC_ISA_USAGE = YES_ERROR;
				CLANG_WARN_DOCUMENTATION_COMMENTS = YES;
				CLANG_WARN_EMPTY_BODY = YES;
				CLANG_WARN_ENUM_CONVERSION = YES;
				CLANG_WARN_INFINITE_RECURSION = YES;
				CLANG_WARN_INT_CONVERSION = YES;
				CLANG_WARN_NON_LITERAL_NULL_CONVERSION = YES;
				CLANG_WARN_OBJC_IMPLICIT_RETAIN_SELF = YES;
				CLANG_WARN_OBJC_LITERAL_CONVERSION = YES;
				CLANG_WARN_OBJC_ROOT_CLASS = YES_ERROR;
				CLANG_WARN_RANGE_LOOP_ANALYSIS = YES;
				CLANG_WARN_STRICT_PROTOTYPES = YES;
				CLANG_WARN_SUSPICIOUS_MOVE = YES;
				CLANG_WARN_UNGUARDED_AVAILABILITY = YES_AGGRESSIVE;
				CLANG_WARN_UNREACHABLE_CODE = YES;
				CLANG_WARN__DUPLICATE_METHOD_MATCH = YES;
				CODE_SIGN_IDENTITY = "Mac Developer";
				COPY_PHASE_STRIP = NO;
				DEBUG_INFORMATION_FORMAT = "dwarf-with-dsym";
				ENABLE_NS_ASSERTIONS = NO;
				ENABLE_STRICT_OBJC_MSGSEND = YES;
				GCC_C_LANGUAGE_STANDARD = gnu11;
				GCC_NO_COMMON_BLOCKS = YES;
				GCC_WARN_64_TO_32_BIT_CONVERSION = YES;
				GCC_WARN_ABOUT_RETURN_TYPE = YES_ERROR;
				GCC_WARN_UNDECLARED_SELECTOR = YES;
				GCC_WARN_UNINITIALIZED_AUTOS = YES_AGGRESSIVE;
				GCC_WARN_UNUSED_FUNCTION = YES;
				GCC_WARN_UNUSED_VARIABLE = YES;
				MACOSX_DEPLOYMENT_TARGET = 10.14;
				MTL_ENABLE_DEBUG_INFO = NO;
				MTL_FAST_MATH = YES;
				SDKROOT = macosx;
			};
			name = Release;
		};
		40935D43217F71B30056C6E0 /* Debug */ = {
			isa = XCBuildConfiguration;
			buildSettings = {
				ASSETCATALOG_COMPILER_APPICON_NAME = AppIcon;
				CODE_SIGN_STYLE = Automatic;
				COMBINE_HIDPI_IMAGES = YES;
				DEVELOPMENT_TEAM = RBGCY5RJWM;
				ENABLE_HARDENED_RUNTIME = YES;
				INFOPLIST_FILE = ScriptRunner/Info.plist;
				LD_RUNPATH_SEARCH_PATHS = (
					"$(inherited)",
					"@executable_path/../Frameworks",
				);
				MACOSX_DEPLOYMENT_TARGET = 10.10;
				PRODUCT_BUNDLE_IDENTIFIER = edu.uo.koch.ScriptRunner.ScriptRunner;
				PRODUCT_NAME = "$(TARGET_NAME)";
			};
			name = Debug;
		};
		40935D44217F71B30056C6E0 /* Release */ = {
			isa = XCBuildConfiguration;
			buildSettings = {
				ASSETCATALOG_COMPILER_APPICON_NAME = AppIcon;
				CODE_SIGN_STYLE = Automatic;
				COMBINE_HIDPI_IMAGES = YES;
				DEVELOPMENT_TEAM = RBGCY5RJWM;
				ENABLE_HARDENED_RUNTIME = YES;
				INFOPLIST_FILE = ScriptRunner/Info.plist;
				LD_RUNPATH_SEARCH_PATHS = (
					"$(inherited)",
					"@executable_path/../Frameworks",
				);
				MACOSX_DEPLOYMENT_TARGET = 10.10;
				PRODUCT_BUNDLE_IDENTIFIER = edu.uo.koch.ScriptRunner.ScriptRunner;
				PRODUCT_NAME = "$(TARGET_NAME)";
			};
			name = Release;
		};
/* End XCBuildConfiguration section */

/* Begin XCConfigurationList section */
		40935D2C217F71B20056C6E0 /* Build configuration list for PBXProject "ScriptRunner" */ = {
			isa = XCConfigurationList;
			buildConfigurations = (
				40935D40217F71B30056C6E0 /* Debug */,
				40935D41217F71B30056C6E0 /* Release */,
			);
			defaultConfigurationIsVisible = 0;
			defaultConfigurationName = Release;
		};
		40935D42217F71B30056C6E0 /* Build configuration list for PBXNativeTarget "ScriptRunner" */ = {
			isa = XCConfigurationList;
			buildConfigurations = (
				40935D43217F71B30056C6E0 /* Debug */,
				40935D44217F71B30056C6E0 /* Release */,
			);
			defaultConfigurationIsVisible = 0;
			defaultConfigurationName = Release;
		};
/* End XCConfigurationList section */
	};
	rootObject = 40935D29217F71B20056C6E0 /* Project object */;
}
