{
	archiveVersion = 1;
	classes = {
	};
	objectVersion = 30;
	objects = {
		00C86223FF221B217F000001 = {
			children = (
				00C86224FF221B217F000001,
			);
			isa = PBXVariantGroup;
			name = TexTemplate.tex;
			path = "";
			refType = 4;
		};
		00C86224FF221B217F000001 = {
			isa = PBXFileReference;
			name = English;
			path = English.lproj/TexTemplate.tex;
			refType = 4;
		};
		00C86225FF221B217F000001 = {
			children = (
				00C86226FF221B217F000001,
			);
			isa = PBXVariantGroup;
			name = LatexTemplate.tex;
			path = "";
			refType = 4;
		};
		00C86226FF221B217F000001 = {
			isa = PBXFileReference;
			name = English;
			path = English.lproj/LatexTemplate.tex;
			refType = 4;
		};
		00C86227FF221B217F000001 = {
			children = (
				00C86228FF221B217F000001,
			);
			isa = PBXVariantGroup;
			name = GraphicsTemplate.tex;
			path = "";
			refType = 4;
		};
		00C86228FF221B217F000001 = {
			isa = PBXFileReference;
			name = English;
			path = English.lproj/GraphicsTemplate.tex;
			refType = 4;
		};
		00C86229FF221B217F000001 = {
			fileRef = 00C86223FF221B217F000001;
			isa = PBXBuildFile;
			settings = {
				INCLUDED_OSS = (
					MACOS,
					WINDOWS,
					PDOUNIX,
				);
			};
		};
		00C8622AFF221B217F000001 = {
			fileRef = 00C86225FF221B217F000001;
			isa = PBXBuildFile;
			settings = {
				INCLUDED_OSS = (
					MACOS,
					WINDOWS,
					PDOUNIX,
				);
			};
		};
		00C8622BFF221B217F000001 = {
			fileRef = 00C86227FF221B217F000001;
			isa = PBXBuildFile;
			settings = {
				INCLUDED_OSS = (
					MACOS,
					WINDOWS,
					PDOUNIX,
				);
			};
		};
		00E3D4B8FF24EF1F80DF2474 = {
			isa = PBXFileReference;
			path = Icons.icns;
			refType = 4;
		};
		00E3D4B9FF24EF1F80DF2474 = {
			fileRef = 00E3D4B8FF24EF1F80DF2474;
			isa = PBXBuildFile;
			settings = {
				INCLUDED_OSS = (
					MACOS,
					WINDOWS,
					PDOUNIX,
				);
			};
		};
		01590A11FFC746C880DF2474 = {
			children = (
				01590A12FFC746C880DF2474,
			);
			isa = PBXVariantGroup;
			name = TeXShop.rtf;
			path = "";
			refType = 4;
		};
		01590A12FFC746C880DF2474 = {
			isa = PBXFileReference;
			name = English;
			path = English.lproj/TeXShop.rtf;
			refType = 4;
		};
		01590A13FFC746C880DF2474 = {
			fileRef = 01590A11FFC746C880DF2474;
			isa = PBXBuildFile;
			settings = {
				INCLUDED_OSS = (
					MACOS,
					WINDOWS,
					PDOUNIX,
				);
			};
		};
		0187897BFF29F6DE7F000001 = {
			children = (
				0187897CFF29F6DE7F000001,
			);
			isa = PBXVariantGroup;
			name = FindPanel.nib;
			path = "";
			refType = 4;
		};
		0187897CFF29F6DE7F000001 = {
			isa = PBXFileReference;
			name = English;
			path = English.lproj/FindPanel.nib;
			refType = 4;
		};
		0187897DFF29F6DE7F000001 = {
			fileRef = 0187897BFF29F6DE7F000001;
			isa = PBXBuildFile;
			settings = {
				INCLUDED_OSS = (
					MACOS,
					WINDOWS,
					PDOUNIX,
				);
			};
		};
		0192B4E7FF29F9CE7F000001 = {
			isa = PBXFileReference;
			path = TextFinder.h;
			refType = 4;
		};
		0192B4E8FF29F9CE7F000001 = {
			isa = PBXFileReference;
			path = TextFinder.m;
			refType = 4;
		};
		0192B4E9FF29F9CE7F000001 = {
			fileRef = 0192B4E7FF29F9CE7F000001;
			isa = PBXBuildFile;
			settings = {
				INCLUDED_OSS = (
					MACOS,
					WINDOWS,
					PDOUNIX,
				);
			};
		};
		0192B4EAFF29F9CE7F000001 = {
			fileRef = 0192B4E8FF29F9CE7F000001;
			isa = PBXBuildFile;
			settings = {
				ATTRIBUTES = (
					Debug,
				);
				INCLUDED_OSS = (
					MACOS,
					WINDOWS,
					PDOUNIX,
				);
			};
		};
		01E48F61FF2A05357F000001 = {
			children = (
				01E48F62FF2A05357F000001,
			);
			isa = PBXVariantGroup;
			name = FindPanel.strings;
			path = "";
			refType = 4;
		};
		01E48F62FF2A05357F000001 = {
			isa = PBXFileReference;
			name = English;
			path = English.lproj/FindPanel.strings;
			refType = 4;
		};
		01E48F63FF2A05357F000001 = {
			fileRef = 01E48F61FF2A05357F000001;
			isa = PBXBuildFile;
			settings = {
				INCLUDED_OSS = (
					MACOS,
					WINDOWS,
					PDOUNIX,
				);
			};
		};
		01EB3CDFFF7AECE07F000001 = {
			isa = PBXApplicationReference;
			path = TeXShop.app;
			refType = 3;
		};
		022F84EDFFCED99C7F000001 = {
			children = (
				022F84EEFFCED99C7F000001,
				022F84F0FFCED99C7F000001,
				022F84F2FFCED99C7F000001,
				022F84F4FFCED99C7F000001,
				022F84F6FFCED99C7F000001,
				022F84F8FFCED99C7F000001,
				022F84FAFFCED99C7F000001,
				022F84FCFFCED99C7F000001,
				022F84FEFFCED99C7F000001,
				022F8500FFCED99C7F000001,
			);
			isa = PBXGroup;
			name = French.lproj;
			path = "";
			refType = 4;
		};
		022F84EEFFCED99C7F000001 = {
			children = (
				022F84EFFFCED99C7F000001,
			);
			isa = PBXVariantGroup;
			name = TexTemplate.tex;
			path = "";
			refType = 4;
		};
		022F84EFFFCED99C7F000001 = {
			isa = PBXFileReference;
			name = French;
			path = French.lproj/TexTemplate.tex;
			refType = 4;
		};
		022F84F0FFCED99C7F000001 = {
			children = (
				022F84F1FFCED99C7F000001,
			);
			isa = PBXVariantGroup;
			name = TeXShop.rtf;
			path = "";
			refType = 4;
		};
		022F84F1FFCED99C7F000001 = {
			isa = PBXFileReference;
			name = French;
			path = French.lproj/TeXShop.rtf;
			refType = 4;
		};
		022F84F2FFCED99C7F000001 = {
			children = (
				022F84F3FFCED99C7F000001,
			);
			isa = PBXVariantGroup;
			name = MyDocument.nib;
			path = "";
			refType = 4;
		};
		022F84F3FFCED99C7F000001 = {
			isa = PBXFileReference;
			name = French;
			path = French.lproj/MyDocument.nib;
			refType = 4;
		};
		022F84F4FFCED99C7F000001 = {
			children = (
				022F84F5FFCED99C7F000001,
			);
			isa = PBXVariantGroup;
			name = MainMenu.nib;
			path = "";
			refType = 4;
		};
		022F84F5FFCED99C7F000001 = {
			isa = PBXFileReference;
			name = French;
			path = French.lproj/MainMenu.nib;
			refType = 4;
		};
		022F84F6FFCED99C7F000001 = {
			children = (
				022F84F7FFCED99C7F000001,
			);
			isa = PBXVariantGroup;
			name = LatexTemplate.tex;
			path = "";
			refType = 4;
		};
		022F84F7FFCED99C7F000001 = {
			isa = PBXFileReference;
			name = French;
			path = French.lproj/LatexTemplate.tex;
			refType = 4;
		};
		022F84F8FFCED99C7F000001 = {
			children = (
				022F84F9FFCED99C7F000001,
			);
			isa = PBXVariantGroup;
			name = InfoPlist.strings;
			path = "";
			refType = 4;
		};
		022F84F9FFCED99C7F000001 = {
			isa = PBXFileReference;
			name = French;
			path = French.lproj/InfoPlist.strings;
			refType = 4;
		};
		022F84FAFFCED99C7F000001 = {
			children = (
				022F84FBFFCED99C7F000001,
			);
			isa = PBXVariantGroup;
			name = FindPanel.strings;
			path = "";
			refType = 4;
		};
		022F84FBFFCED99C7F000001 = {
			isa = PBXFileReference;
			name = French;
			path = French.lproj/FindPanel.strings;
			refType = 4;
		};
		022F84FCFFCED99C7F000001 = {
			children = (
				022F84FDFFCED99C7F000001,
			);
			isa = PBXVariantGroup;
			name = FindPanel.nib;
			path = "";
			refType = 4;
		};
		022F84FDFFCED99C7F000001 = {
			isa = PBXFileReference;
			name = French;
			path = French.lproj/FindPanel.nib;
			refType = 4;
		};
		022F84FEFFCED99C7F000001 = {
			children = (
				022F84FFFFCED99C7F000001,
			);
			isa = PBXVariantGroup;
			name = CustomInfo.plist;
			path = "";
			refType = 4;
		};
		022F84FFFFCED99C7F000001 = {
			isa = PBXFileReference;
			name = French;
			path = French.lproj/CustomInfo.plist;
			refType = 4;
		};
		022F8500FFCED99C7F000001 = {
			children = (
				022F8501FFCED99C7F000001,
			);
			isa = PBXVariantGroup;
			name = GraphicsTemplate.tex;
			path = "";
			refType = 4;
		};
		022F8501FFCED99C7F000001 = {
			isa = PBXFileReference;
			name = French;
			path = French.lproj/GraphicsTemplate.tex;
			refType = 4;
		};
		022F8502FFCED99C7F000001 = {
			fileRef = 022F84FEFFCED99C7F000001;
			isa = PBXBuildFile;
			settings = {
				INCLUDED_OSS = (
					MACOS,
					WINDOWS,
					PDOUNIX,
				);
			};
		};
		022F8503FFCED99C7F000001 = {
			fileRef = 022F84FCFFCED99C7F000001;
			isa = PBXBuildFile;
			settings = {
				INCLUDED_OSS = (
					MACOS,
					WINDOWS,
					PDOUNIX,
				);
			};
		};
		022F8504FFCED99C7F000001 = {
			fileRef = 022F84FAFFCED99C7F000001;
			isa = PBXBuildFile;
			settings = {
				INCLUDED_OSS = (
					MACOS,
					WINDOWS,
					PDOUNIX,
				);
			};
		};
		022F8505FFCED99C7F000001 = {
			fileRef = 022F8500FFCED99C7F000001;
			isa = PBXBuildFile;
			settings = {
				INCLUDED_OSS = (
					MACOS,
					WINDOWS,
					PDOUNIX,
				);
			};
		};
		022F8506FFCED99C7F000001 = {
			fileRef = 022F84F8FFCED99C7F000001;
			isa = PBXBuildFile;
			settings = {
				INCLUDED_OSS = (
					MACOS,
					WINDOWS,
					PDOUNIX,
				);
			};
		};
		022F8507FFCED99C7F000001 = {
			fileRef = 022F84F6FFCED99C7F000001;
			isa = PBXBuildFile;
			settings = {
				INCLUDED_OSS = (
					MACOS,
					WINDOWS,
					PDOUNIX,
				);
			};
		};
		022F8508FFCED99C7F000001 = {
			fileRef = 022F84F4FFCED99C7F000001;
			isa = PBXBuildFile;
			settings = {
				INCLUDED_OSS = (
					MACOS,
					WINDOWS,
					PDOUNIX,
				);
			};
		};
		022F8509FFCED99C7F000001 = {
			fileRef = 022F84F2FFCED99C7F000001;
			isa = PBXBuildFile;
			settings = {
				INCLUDED_OSS = (
					MACOS,
					WINDOWS,
					PDOUNIX,
				);
			};
		};
		022F850AFFCED99C7F000001 = {
			fileRef = 022F84F0FFCED99C7F000001;
			isa = PBXBuildFile;
			settings = {
				INCLUDED_OSS = (
					MACOS,
					WINDOWS,
					PDOUNIX,
				);
			};
		};
		022F850BFFCED99C7F000001 = {
			fileRef = 022F84EEFFCED99C7F000001;
			isa = PBXBuildFile;
			settings = {
				INCLUDED_OSS = (
					MACOS,
					WINDOWS,
					PDOUNIX,
				);
			};
		};
		025B9F30FF07DC0880DF2474 = {
			children = (
				025B9F31FF07DC0880DF2474,
			);
			isa = PBXVariantGroup;
			name = CustomInfo.plist;
			path = "";
			refType = 4;
		};
		025B9F31FF07DC0880DF2474 = {
			isa = PBXFileReference;
			name = English;
			path = English.lproj/CustomInfo.plist;
			refType = 4;
		};
		025B9F32FF07DC0880DF2474 = {
			fileRef = 025B9F30FF07DC0880DF2474;
			isa = PBXBuildFile;
			settings = {
				INCLUDED_OSS = (
					MACOS,
					WINDOWS,
					PDOUNIX,
				);
			};
		};
		0273C927FF23CC9B80DF2474 = {
			children = (
				00E3D4B8FF24EF1F80DF2474,
			);
			isa = PBXGroup;
			name = Images;
			refType = 4;
		};
		043355CEFE303625C02AAC07 = {
			buildActionMask = 2147483647;
			files = (
			);
			isa = PBXRezBuildPhase;
			name = "ResourceManager Resources";
		};
		080E96D9FE201CDB7F000001 = {
			fileRef = 2A37F4B9FDCFA73011CA2CEA;
			isa = PBXBuildFile;
			settings = {
				INCLUDED_OSS = (
					MACOS,
					WINDOWS,
					PDOUNIX,
				);
			};
		};
		080E96DAFE201CDB7F000001 = {
			fileRef = 2A37F4B6FDCFA73011CA2CEA;
			isa = PBXBuildFile;
			settings = {
				INCLUDED_OSS = (
					MACOS,
					WINDOWS,
					PDOUNIX,
				);
			};
		};
		080E96DBFE201CDB7F000001 = {
			fileRef = 2A37F4B4FDCFA73011CA2CEA;
			isa = PBXBuildFile;
			settings = {
				INCLUDED_OSS = (
					MACOS,
					WINDOWS,
					PDOUNIX,
				);
			};
		};
		089C165FFE840EACC02AAC07 = {
			children = (
				089C1660FE840EACC02AAC07,
			);
			isa = PBXVariantGroup;
			name = InfoPlist.strings;
			refType = 4;
		};
		089C1660FE840EACC02AAC07 = {
			isa = PBXFileReference;
			name = English;
			path = English.lproj/InfoPlist.strings;
			refType = 4;
		};
		089C1661FE840EACC02AAC07 = {
			fileRef = 089C165FFE840EACC02AAC07;
			isa = PBXBuildFile;
			settings = {
				INCLUDED_OSS = (
					MACOS,
					WINDOWS,
					PDOUNIX,
				);
			};
		};
		1058C7A6FEA54F5311CA2CBB = {
			children = (
				1058C7A7FEA54F5311CA2CBB,
			);
			isa = PBXGroup;
			name = "Linked Frameworks";
			refType = 4;
		};
		1058C7A7FEA54F5311CA2CBB = {
			isa = PBXFrameworkReference;
			name = Cocoa.framework;
			path = /System/Library/Frameworks/Cocoa.framework;
			refType = 0;
		};
		1058C7A8FEA54F5311CA2CBB = {
			children = (
				2A37F4C5FDCFA73011CA2CEA,
				2A37F4C4FDCFA73011CA2CEA,
			);
			isa = PBXGroup;
			name = "Other Frameworks";
			refType = 4;
		};
		1058C7A9FEA54F5311CA2CBB = {
			fileRef = 1058C7A7FEA54F5311CA2CBB;
			isa = PBXBuildFile;
			settings = {
				INCLUDED_OSS = (
					MACOS,
					WINDOWS,
					PDOUNIX,
				);
			};
		};
		19C28FB0FE9D524F11CA2CBB = {
			children = (
				01EB3CDFFF7AECE07F000001,
			);
			isa = PBXGroup;
			name = Products;
			refType = 4;
		};
		2A37F4A9FDCFA73011CA2CEA = {
			isa = PBXProject;
			mainGroup = 2A37F4AAFDCFA73011CA2CEA;
			targets = (
				2A37F4C6FDCFA73011CA2CEA,
			);
		};
		2A37F4AAFDCFA73011CA2CEA = {
			children = (
				2A37F4ABFDCFA73011CA2CEA,
				2A37F4AFFDCFA73011CA2CEA,
				2A37F4B8FDCFA73011CA2CEA,
				0273C927FF23CC9B80DF2474,
				2A37F4C3FDCFA73011CA2CEA,
				19C28FB0FE9D524F11CA2CBB,
			);
			isa = PBXGroup;
			name = CocoaDocApp;
			path = "";
			refType = 4;
		};
		2A37F4ABFDCFA73011CA2CEA = {
			children = (
				2A37F4AEFDCFA73011CA2CEA,
				2A37F4ACFDCFA73011CA2CEA,
				0192B4E7FF29F9CE7F000001,
				0192B4E8FF29F9CE7F000001,
			);
			isa = PBXGroup;
			name = Classes;
			path = "";
			refType = 4;
		};
		2A37F4ACFDCFA73011CA2CEA = {
			isa = PBXFileReference;
			path = MyDocument.m;
			refType = 4;
		};
		2A37F4AEFDCFA73011CA2CEA = {
			isa = PBXFileReference;
			path = MyDocument.h;
			refType = 4;
		};
		2A37F4AFFDCFA73011CA2CEA = {
			children = (
				2A37F4B0FDCFA73011CA2CEA,
			);
			isa = PBXGroup;
			name = "Other Sources";
			path = "";
			refType = 4;
		};
		2A37F4B0FDCFA73011CA2CEA = {
			isa = PBXFileReference;
			path = main.m;
			refType = 4;
		};
		2A37F4B4FDCFA73011CA2CEA = {
			children = (
				2A37F4B5FDCFA73011CA2CEA,
			);
			isa = PBXVariantGroup;
			name = MyDocument.nib;
			path = "";
			refType = 4;
		};
		2A37F4B5FDCFA73011CA2CEA = {
			isa = PBXFileReference;
			name = English;
			path = English.lproj/MyDocument.nib;
			refType = 4;
		};
		2A37F4B6FDCFA73011CA2CEA = {
			children = (
				2A37F4B7FDCFA73011CA2CEA,
			);
			isa = PBXVariantGroup;
			name = MainMenu.nib;
			path = "";
			refType = 4;
		};
		2A37F4B7FDCFA73011CA2CEA = {
			isa = PBXFileReference;
			name = English;
			path = English.lproj/MainMenu.nib;
			refType = 4;
		};
		2A37F4B8FDCFA73011CA2CEA = {
			children = (
				2A37F4B9FDCFA73011CA2CEA,
				2A37F4B6FDCFA73011CA2CEA,
				2A37F4B4FDCFA73011CA2CEA,
				0187897BFF29F6DE7F000001,
				089C165FFE840EACC02AAC07,
				025B9F30FF07DC0880DF2474,
				01E48F61FF2A05357F000001,
				00C86223FF221B217F000001,
				01590A11FFC746C880DF2474,
				00C86225FF221B217F000001,
				00C86227FF221B217F000001,
				022F84EDFFCED99C7F000001,
			);
			isa = PBXGroup;
			name = Resources;
			path = "";
			refType = 4;
		};
		2A37F4B9FDCFA73011CA2CEA = {
			children = (
				2A37F4BAFDCFA73011CA2CEA,
			);
			isa = PBXVariantGroup;
			name = Credits.rtf;
			path = "";
			refType = 4;
		};
		2A37F4BAFDCFA73011CA2CEA = {
			isa = PBXFileReference;
			name = English;
			path = English.lproj/Credits.rtf;
			refType = 4;
		};
		2A37F4C3FDCFA73011CA2CEA = {
			children = (
				1058C7A6FEA54F5311CA2CBB,
				1058C7A8FEA54F5311CA2CBB,
			);
			isa = PBXGroup;
			name = Frameworks;
			path = "";
			refType = 4;
		};
		2A37F4C4FDCFA73011CA2CEA = {
			isa = PBXFrameworkReference;
			name = AppKit.framework;
			path = /System/Library/Frameworks/AppKit.framework;
			refType = 0;
		};
		2A37F4C5FDCFA73011CA2CEA = {
			isa = PBXFrameworkReference;
			name = Foundation.framework;
			path = /System/Library/Frameworks/Foundation.framework;
			refType = 0;
		};
		2A37F4C6FDCFA73011CA2CEA = {
			buildPhases = (
				2A37F4C7FDCFA73011CA2CEA,
				2A37F4C9FDCFA73011CA2CEA,
				2A37F4CEFDCFA73011CA2CEA,
				2A37F4D1FDCFA73011CA2CEA,
				043355CEFE303625C02AAC07,
			);
			buildSettings = {
				FRAMEWORK_SEARCH_PATHS = "";
				HEADER_SEARCH_PATHS = "";
				INSTALL_PATH = "$(HOME)/Applications";
				LIBRARY_SEARCH_PATHS = "";
				OPTIMIZATION_CFLAGS = "";
				OTHER_CFLAGS = "";
				OTHER_LDFLAGS = "";
				SECTORDER_FLAGS = "";
				WARNING_CFLAGS = "-Wmost -Wno-four-char-constants -Wno-unknown-pragmas";
				WRAPPER_EXTENSION = app;
			};
			conditionalBuildSettings = {
			};
			dependencies = (
			);
			isa = PBXApplicationTarget;
			name = Test;
			productInstallPath = "$(HOME)/Applications";
			productName = TeXShop;
			productReference = 01EB3CDFFF7AECE07F000001;
			productSettingsXML = "<?xml version=\"1.0\" encoding=\"UTF-8\"?>
<!DOCTYPE plist SYSTEM \"file://localhost/System/Library/DTDs/PropertyList.dtd\">
<plist version=\"0.9\">
<dict>
	<key>CFBundleDevelopmentRegion</key>
	<string>English</string>
	<key>CFBundleDocumentTypes</key>
	<array>
		<dict>
			<key>CFBundleTypeExtensions</key>
			<array>
				<string>tex</string>
				<string>TEX</string>
				<string>txt</string>
				<string>TXT</string>
				<string></string>
			</array>
			<key>CFBundleTypeIconFile</key>
			<string></string>
			<key>CFBundleTypeName</key>
			<string>DocumentType</string>
			<key>CFBundleTypeOSTypes</key>
			<array>
				<string>????</string>
				<string>TEXT</string>
			</array>
			<key>CFBundleTypeRole</key>
			<string>Editor</string>
			<key>NSDocumentClass</key>
			<string>MyDocument</string>
		</dict>
	</array>
	<key>CFBundleExecutable</key>
	<string>TeXShop</string>
	<key>CFBundleIconFile</key>
	<string>Icons.icns</string>
	<key>CFBundleInfoDictionaryVersion</key>
	<string>6.0</string>
	<key>CFBundlePackageType</key>
	<string>APPL</string>
	<key>CFBundleSignature</key>
	<string>????</string>
	<key>CFBundleVersion</key>
	<string>1.0d5</string>
	<key>NSMainNibFile</key>
	<string>MainMenu</string>
	<key>NSPrincipalClass</key>
	<string>NSApplication</string>
</dict>
</plist>
";
			shouldUseHeadermap = 1;
		};
		2A37F4C7FDCFA73011CA2CEA = {
			buildActionMask = 2147483647;
			files = (
				2A37F4C8FDCFA73011CA2CEA,
				0192B4E9FF29F9CE7F000001,
			);
			isa = PBXHeadersBuildPhase;
			name = Headers;
		};
		2A37F4C8FDCFA73011CA2CEA = {
			fileRef = 2A37F4AEFDCFA73011CA2CEA;
			isa = PBXBuildFile;
			settings = {
				INCLUDED_OSS = (
					MACOS,
					WINDOWS,
					PDOUNIX,
				);
			};
		};
		2A37F4C9FDCFA73011CA2CEA = {
			buildActionMask = 2147483647;
			files = (
				080E96D9FE201CDB7F000001,
				080E96DAFE201CDB7F000001,
				080E96DBFE201CDB7F000001,
				089C1661FE840EACC02AAC07,
				025B9F32FF07DC0880DF2474,
				00C86229FF221B217F000001,
				00C8622AFF221B217F000001,
				00C8622BFF221B217F000001,
				00E3D4B9FF24EF1F80DF2474,
				0187897DFF29F6DE7F000001,
				01E48F63FF2A05357F000001,
				01590A13FFC746C880DF2474,
				022F8502FFCED99C7F000001,
				022F8503FFCED99C7F000001,
				022F8504FFCED99C7F000001,
				022F8505FFCED99C7F000001,
				022F8506FFCED99C7F000001,
				022F8507FFCED99C7F000001,
				022F8508FFCED99C7F000001,
				022F8509FFCED99C7F000001,
				022F850AFFCED99C7F000001,
				022F850BFFCED99C7F000001,
			);
			isa = PBXResourcesBuildPhase;
			name = "Bundle Resources";
		};
		2A37F4CEFDCFA73011CA2CEA = {
			buildActionMask = 2147483647;
			files = (
				2A37F4CFFDCFA73011CA2CEA,
				2A37F4D0FDCFA73011CA2CEA,
				0192B4EAFF29F9CE7F000001,
			);
			isa = PBXSourcesBuildPhase;
			name = Sources;
		};
		2A37F4CFFDCFA73011CA2CEA = {
			fileRef = 2A37F4ACFDCFA73011CA2CEA;
			isa = PBXBuildFile;
			settings = {
				ATTRIBUTES = (
					Debug,
				);
				INCLUDED_OSS = (
					MACOS,
					WINDOWS,
					PDOUNIX,
				);
			};
		};
		2A37F4D0FDCFA73011CA2CEA = {
			fileRef = 2A37F4B0FDCFA73011CA2CEA;
			isa = PBXBuildFile;
			settings = {
				ATTRIBUTES = (
					Debug,
				);
				INCLUDED_OSS = (
					MACOS,
					WINDOWS,
					PDOUNIX,
				);
			};
		};
		2A37F4D1FDCFA73011CA2CEA = {
			buildActionMask = 2147483647;
			files = (
				1058C7A9FEA54F5311CA2CBB,
			);
			isa = PBXFrameworksBuildPhase;
			name = "Frameworks & Libraries";
		};
	};
	rootObject = 2A37F4A9FDCFA73011CA2CEA;
}
