// !$*UTF8*$!
{
	archiveVersion = 1;
	classes = {
	};
	objectVersion = 32;
	objects = {
		00C86224FF221B217F000001 = {
			isa = PBXFileReference;
			path = TexTemplate.tex;
			refType = 4;
		};
		00C86226FF221B217F000001 = {
			isa = PBXFileReference;
			path = LatexTemplate.tex;
			refType = 4;
		};
		00C86228FF221B217F000001 = {
			isa = PBXFileReference;
			path = GraphicsTemplate.tex;
			refType = 4;
		};
		00CFF0E9000ACFC67F000001 = {
			isa = PBXFileReference;
			path = ConsoleWindow.h;
			refType = 4;
		};
		00CFF0EA000ACFC67F000001 = {
			fileRef = 00CFF0E9000ACFC67F000001;
			isa = PBXBuildFile;
			settings = {
			};
		};
		00CFF0EB000ACFFC7F000001 = {
			isa = PBXFileReference;
			path = ConsoleWindow.m;
			refType = 4;
		};
		00CFF0EC000ACFFD7F000001 = {
			fileRef = 00CFF0EB000ACFFC7F000001;
			isa = PBXBuildFile;
			settings = {
				ATTRIBUTES = (
				);
			};
		};
		00CFF0ED000AD0B87F000001 = {
			isa = PBXFileReference;
			path = MainWindow.h;
			refType = 4;
		};
		00CFF0EE000AD0B87F000001 = {
			isa = PBXFileReference;
			path = MainWindow.m;
			refType = 4;
		};
		00CFF0EF000AD0B87F000001 = {
			fileRef = 00CFF0ED000AD0B87F000001;
			isa = PBXBuildFile;
			settings = {
			};
		};
		00CFF0F0000AD0B87F000001 = {
			fileRef = 00CFF0EE000AD0B87F000001;
			isa = PBXBuildFile;
			settings = {
				ATTRIBUTES = (
				);
			};
		};
		00CFF0F1000AD1547F000001 = {
			isa = PBXFileReference;
			path = MyWindow.h;
			refType = 4;
		};
		00CFF0F2000AD1547F000001 = {
			isa = PBXFileReference;
			path = MyWindow.m;
			refType = 4;
		};
		00CFF0F3000AD1547F000001 = {
			fileRef = 00CFF0F1000AD1547F000001;
			isa = PBXBuildFile;
			settings = {
			};
		};
		00CFF0F4000AD1547F000001 = {
			fileRef = 00CFF0F2000AD1547F000001;
			isa = PBXBuildFile;
			settings = {
				ATTRIBUTES = (
				);
			};
		};
		00CFF0F5000AD1F27F000001 = {
			isa = PBXFileReference;
			path = PrintView.h;
			refType = 4;
		};
		00CFF0F6000AD1F27F000001 = {
			isa = PBXFileReference;
			path = PrintView.m;
			refType = 4;
		};
		00CFF0F7000AD1F27F000001 = {
			fileRef = 00CFF0F5000AD1F27F000001;
			isa = PBXBuildFile;
			settings = {
			};
		};
		00CFF0F8000AD1F27F000001 = {
			fileRef = 00CFF0F6000AD1F27F000001;
			isa = PBXBuildFile;
			settings = {
				ATTRIBUTES = (
				);
			};
		};
		00CFF0F9000AD2807F000001 = {
			isa = PBXFileReference;
			path = MyView.h;
			refType = 4;
		};
		00CFF0FA000AD2807F000001 = {
			isa = PBXFileReference;
			path = MyView.m;
			refType = 4;
		};
		00CFF0FB000AD2807F000001 = {
			fileRef = 00CFF0F9000AD2807F000001;
			isa = PBXBuildFile;
			settings = {
			};
		};
		00CFF0FC000AD2807F000001 = {
			fileRef = 00CFF0FA000AD2807F000001;
			isa = PBXBuildFile;
			settings = {
				ATTRIBUTES = (
				);
			};
		};
		00D514EB001AAB0A7F000001 = {
			fileRef = 00C86224FF221B217F000001;
			isa = PBXBuildFile;
			settings = {
			};
		};
		00D514EC001AAB167F000001 = {
			fileRef = 00C86226FF221B217F000001;
			isa = PBXBuildFile;
			settings = {
			};
		};
		00D514ED001AAB1F7F000001 = {
			fileRef = 00C86228FF221B217F000001;
			isa = PBXBuildFile;
			settings = {
			};
		};
		00E0FAB8FFFC64CB7F000001 = {
			children = (
				00E0FAB9FFFC651B7F000001,
				00E0FABDFFFC651B7F000001,
				00E0FAC1FFFC651B7F000001,
				00E0FAC7FFFC651B7F000001,
				00E0FAC9FFFC651B7F000001,
				00E0FACDFFFC651B7F000001,
				03E6188E009B32C77F000001,
				00E0FACFFFFC651B7F000001,
				00E0FAD3FFFC651B7F000001,
				00E0FAD9FFFC651B7F000001,
				00E0FADFFFFC651B7F000001,
				00E0FAE3FFFC651B7F000001,
			);
			isa = PBXGroup;
			name = German.lproj;
			path = "";
			refType = 4;
		};
		00E0FAB9FFFC651B7F000001 = {
			children = (
				00E0FABAFFFC651B7F000001,
			);
			isa = PBXVariantGroup;
			name = Credits.rtf;
			path = "";
			refType = 4;
		};
		00E0FABAFFFC651B7F000001 = {
			isa = PBXFileReference;
			name = German;
			path = German.lproj/Credits.rtf;
			refType = 4;
		};
		00E0FABDFFFC651B7F000001 = {
			children = (
				00E0FABEFFFC651B7F000001,
			);
			isa = PBXVariantGroup;
			name = CustomInfo.plist;
			path = "";
			refType = 4;
		};
		00E0FABEFFFC651B7F000001 = {
			isa = PBXFileReference;
			name = German;
			path = German.lproj/CustomInfo.plist;
			refType = 4;
		};
		00E0FAC1FFFC651B7F000001 = {
			children = (
				00E0FAC2FFFC651B7F000001,
			);
			isa = PBXVariantGroup;
			name = FindPanel.nib;
			path = "";
			refType = 4;
		};
		00E0FAC2FFFC651B7F000001 = {
			isa = PBXFileReference;
			name = German;
			path = German.lproj/FindPanel.nib;
			refType = 4;
		};
		00E0FAC7FFFC651B7F000001 = {
			children = (
				00E0FAC8FFFC651B7F000001,
			);
			isa = PBXVariantGroup;
			name = FindPanel.strings;
			path = "";
			refType = 4;
		};
		00E0FAC8FFFC651B7F000001 = {
			isa = PBXFileReference;
			name = German;
			path = German.lproj/FindPanel.strings;
			refType = 4;
		};
		00E0FAC9FFFC651B7F000001 = {
			children = (
			);
			isa = PBXVariantGroup;
			name = GraphicsTemplate.tex;
			path = "";
			refType = 4;
		};
		00E0FACDFFFC651B7F000001 = {
			children = (
				00E0FACEFFFC651B7F000001,
			);
			isa = PBXVariantGroup;
			name = InfoPlist.strings;
			path = "";
			refType = 4;
		};
		00E0FACEFFFC651B7F000001 = {
			isa = PBXFileReference;
			name = German;
			path = German.lproj/InfoPlist.strings;
			refType = 4;
		};
		00E0FACFFFFC651B7F000001 = {
			children = (
			);
			isa = PBXVariantGroup;
			name = LatexTemplate.tex;
			path = "";
			refType = 4;
		};
		00E0FAD3FFFC651B7F000001 = {
			children = (
				00E0FAD4FFFC651B7F000001,
			);
			isa = PBXVariantGroup;
			name = MainMenu.nib;
			path = "";
			refType = 4;
		};
		00E0FAD4FFFC651B7F000001 = {
			isa = PBXFileReference;
			name = German;
			path = German.lproj/MainMenu.nib;
			refType = 4;
		};
		00E0FAD9FFFC651B7F000001 = {
			children = (
				00E0FADAFFFC651B7F000001,
			);
			isa = PBXVariantGroup;
			name = MyDocument.nib;
			path = "";
			refType = 4;
		};
		00E0FADAFFFC651B7F000001 = {
			isa = PBXFileReference;
			name = German;
			path = German.lproj/MyDocument.nib;
			refType = 4;
		};
		00E0FADFFFFC651B7F000001 = {
			children = (
				00E0FAE0FFFC651B7F000001,
			);
			isa = PBXVariantGroup;
			name = TeXShop.rtf;
			path = "";
			refType = 4;
		};
		00E0FAE0FFFC651B7F000001 = {
			isa = PBXFileReference;
			name = German;
			path = German.lproj/TeXShop.rtf;
			refType = 4;
		};
		00E0FAE3FFFC651B7F000001 = {
			children = (
			);
			isa = PBXVariantGroup;
			name = TexTemplate.tex;
			path = "";
			refType = 4;
		};
		00E0FAE7FFFC651B7F000001 = {
			fileRef = 00E0FAB9FFFC651B7F000001;
			isa = PBXBuildFile;
			settings = {
			};
		};
		00E0FAE9FFFC651B7F000001 = {
			fileRef = 00E0FABDFFFC651B7F000001;
			isa = PBXBuildFile;
			settings = {
			};
		};
		00E0FAEBFFFC651B7F000001 = {
			fileRef = 00E0FAC1FFFC651B7F000001;
			isa = PBXBuildFile;
			settings = {
			};
		};
		00E0FAEEFFFC651B7F000001 = {
			fileRef = 00E0FAC7FFFC651B7F000001;
			isa = PBXBuildFile;
			settings = {
			};
		};
		00E0FAEFFFFC651B7F000001 = {
			fileRef = 00E0FAC9FFFC651B7F000001;
			isa = PBXBuildFile;
			settings = {
			};
		};
		00E0FAF1FFFC651B7F000001 = {
			fileRef = 00E0FACDFFFC651B7F000001;
			isa = PBXBuildFile;
			settings = {
			};
		};
		00E0FAF2FFFC651B7F000001 = {
			fileRef = 00E0FACFFFFC651B7F000001;
			isa = PBXBuildFile;
			settings = {
			};
		};
		00E0FAF4FFFC651B7F000001 = {
			fileRef = 00E0FAD3FFFC651B7F000001;
			isa = PBXBuildFile;
			settings = {
			};
		};
		00E0FAF7FFFC651B7F000001 = {
			fileRef = 00E0FAD9FFFC651B7F000001;
			isa = PBXBuildFile;
			settings = {
			};
		};
		00E0FAFAFFFC651B7F000001 = {
			fileRef = 00E0FADFFFFC651B7F000001;
			isa = PBXBuildFile;
			settings = {
			};
		};
		00E0FAFCFFFC651B7F000001 = {
			fileRef = 00E0FAE3FFFC651B7F000001;
			isa = PBXBuildFile;
			settings = {
			};
		};
		00E3D4B8FF24EF1F80DF2474 = {
			isa = PBXFileReference;
			path = Icons.icns;
			refType = 4;
		};
		00E3D4B9FF24EF1F80DF2474 = {
			fileRef = 00E3D4B8FF24EF1F80DF2474;
			isa = PBXBuildFile;
			settings = {
			};
		};
		00E5E439003E251B7F000001 = {
			isa = PBXFileReference;
			path = TSWindowManager.h;
			refType = 4;
		};
		00E5E43A003E251B7F000001 = {
			isa = PBXFileReference;
			path = TSWindowManager.m;
			refType = 4;
		};
		00E5E43B003E251B7F000001 = {
			fileRef = 00E5E439003E251B7F000001;
			isa = PBXBuildFile;
			settings = {
			};
		};
		00E5E43C003E251B7F000001 = {
			fileRef = 00E5E43A003E251B7F000001;
			isa = PBXBuildFile;
			settings = {
				ATTRIBUTES = (
				);
			};
		};
		00E7EAC1001D35FA7F000001 = {
			isa = PBXFileReference;
			path = TSAppDelegate.h;
			refType = 4;
		};
		00E7EAC2001D35FA7F000001 = {
			isa = PBXFileReference;
			path = TSAppDelegate.m;
			refType = 4;
		};
		00E7EAC3001D35FA7F000001 = {
			fileRef = 00E7EAC1001D35FA7F000001;
			isa = PBXBuildFile;
			settings = {
			};
		};
		00E7EAC4001D35FA7F000001 = {
			fileRef = 00E7EAC2001D35FA7F000001;
			isa = PBXBuildFile;
			settings = {
				ATTRIBUTES = (
				);
			};
		};
		00FE5082000C0E287F000001 = {
			isa = PBXFileReference;
			path = extras.h;
			refType = 4;
		};
		00FE5083000C0E287F000001 = {
			fileRef = 00FE5082000C0E287F000001;
			isa = PBXBuildFile;
			settings = {
			};
		};
		010D8EE3005C2F637F000001 = {
			buildRules = (
			);
			buildSettings = {
				COPY_PHASE_STRIP = NO;
			};
			isa = PBXBuildStyle;
			name = Development;
		};
		010D8EE4005C2F637F000001 = {
			buildRules = (
			);
			buildSettings = {
				COPY_PHASE_STRIP = YES;
			};
			isa = PBXBuildStyle;
			name = Deployment;
		};
		015833DB007F94CC7F000001 = {
			children = (
				015833DC007F94CC7F000001,
			);
			isa = PBXVariantGroup;
			name = Credits.rtf;
			path = "";
			refType = 4;
		};
		015833DC007F94CC7F000001 = {
			isa = PBXFileReference;
			name = Italian;
			path = Italian.lproj/Credits.rtf;
			refType = 4;
		};
		015833DD007F94CC7F000001 = {
			fileRef = 015833DB007F94CC7F000001;
			isa = PBXBuildFile;
			settings = {
			};
		};
		015833DE007F959D7F000001 = {
			children = (
				015833DF007F959D7F000001,
			);
			isa = PBXVariantGroup;
			name = CustomInfo.plist;
			path = "";
			refType = 4;
		};
		015833DF007F959D7F000001 = {
			isa = PBXFileReference;
			name = Italian;
			path = Italian.lproj/CustomInfo.plist;
			refType = 4;
		};
		015833E0007F959D7F000001 = {
			children = (
				015833E1007F959D7F000001,
			);
			isa = PBXVariantGroup;
			name = FindPanel.nib;
			path = "";
			refType = 4;
		};
		015833E1007F959D7F000001 = {
			isa = PBXFileReference;
			name = Italian;
			path = Italian.lproj/FindPanel.nib;
			refType = 4;
		};
		015833E2007F959D7F000001 = {
			children = (
				015833E3007F959D7F000001,
			);
			isa = PBXVariantGroup;
			name = FindPanel.strings;
			path = "";
			refType = 4;
		};
		015833E3007F959D7F000001 = {
			isa = PBXFileReference;
			name = Italian;
			path = Italian.lproj/FindPanel.strings;
			refType = 4;
		};
		015833E4007F959D7F000001 = {
			children = (
				015833E5007F959D7F000001,
			);
			isa = PBXVariantGroup;
			name = InfoPlist.strings;
			path = "";
			refType = 4;
		};
		015833E5007F959D7F000001 = {
			isa = PBXFileReference;
			name = Italian;
			path = Italian.lproj/InfoPlist.strings;
			refType = 4;
		};
		015833E6007F959D7F000001 = {
			children = (
				015833E7007F959D7F000001,
			);
			isa = PBXVariantGroup;
			name = MainMenu.nib;
			path = "";
			refType = 4;
		};
		015833E7007F959D7F000001 = {
			isa = PBXFileReference;
			name = Italian;
			path = Italian.lproj/MainMenu.nib;
			refType = 4;
		};
		015833E8007F959D7F000001 = {
			children = (
				015833E9007F959D7F000001,
			);
			isa = PBXVariantGroup;
			name = MyDocument.nib;
			path = "";
			refType = 4;
		};
		015833E9007F959D7F000001 = {
			isa = PBXFileReference;
			name = Italian;
			path = Italian.lproj/MyDocument.nib;
			refType = 4;
		};
		015833EA007F959D7F000001 = {
			children = (
				015833EB007F959D7F000001,
			);
			isa = PBXVariantGroup;
			name = Preferences.nib;
			path = "";
			refType = 4;
		};
		015833EB007F959D7F000001 = {
			isa = PBXFileReference;
			name = Italian;
			path = Italian.lproj/Preferences.nib;
			refType = 4;
		};
		015833EC007F959D7F000001 = {
			children = (
				015833ED007F959D7F000001,
			);
			isa = PBXVariantGroup;
			name = TeXShop.rtf;
			path = "";
			refType = 4;
		};
		015833ED007F959D7F000001 = {
			isa = PBXFileReference;
			name = Italian;
			path = Italian.lproj/TeXShop.rtf;
			refType = 4;
		};
		015833EE007F959D7F000001 = {
			fileRef = 015833DE007F959D7F000001;
			isa = PBXBuildFile;
			settings = {
			};
		};
		015833EF007F959D7F000001 = {
			fileRef = 015833E0007F959D7F000001;
			isa = PBXBuildFile;
			settings = {
			};
		};
		015833F0007F959D7F000001 = {
			fileRef = 015833E2007F959D7F000001;
			isa = PBXBuildFile;
			settings = {
			};
		};
		015833F1007F959D7F000001 = {
			fileRef = 015833E4007F959D7F000001;
			isa = PBXBuildFile;
			settings = {
			};
		};
		015833F2007F959D7F000001 = {
			fileRef = 015833E6007F959D7F000001;
			isa = PBXBuildFile;
			settings = {
			};
		};
		015833F3007F959D7F000001 = {
			fileRef = 015833E8007F959D7F000001;
			isa = PBXBuildFile;
			settings = {
			};
		};
		015833F4007F959D7F000001 = {
			fileRef = 015833EA007F959D7F000001;
			isa = PBXBuildFile;
			settings = {
			};
		};
		015833F5007F959D7F000001 = {
			fileRef = 015833EC007F959D7F000001;
			isa = PBXBuildFile;
			settings = {
			};
		};
		015833F6007F95F37F000001 = {
			children = (
				015833DB007F94CC7F000001,
				015833E0007F959D7F000001,
				015833DE007F959D7F000001,
				015833E2007F959D7F000001,
				015833E4007F959D7F000001,
				03E61890009B32C77F000001,
				015833E6007F959D7F000001,
				015833E8007F959D7F000001,
				015833EA007F959D7F000001,
				015833EC007F959D7F000001,
			);
			isa = PBXGroup;
			name = Italian;
			path = "";
			refType = 4;
		};
		01590A11FFC746C880DF2474 = {
			children = (
				01590A12FFC746C880DF2474,
			);
			isa = PBXVariantGroup;
			name = TeXShop.rtf;
			path = "";
			refType = 4;
		};
		01590A12FFC746C880DF2474 = {
			isa = PBXFileReference;
			name = English;
			path = English.lproj/TeXShop.rtf;
			refType = 4;
		};
		01590A13FFC746C880DF2474 = {
			fileRef = 01590A11FFC746C880DF2474;
			isa = PBXBuildFile;
			settings = {
			};
		};
		0187897BFF29F6DE7F000001 = {
			children = (
				0187897CFF29F6DE7F000001,
			);
			isa = PBXVariantGroup;
			name = FindPanel.nib;
			path = "";
			refType = 4;
		};
		0187897CFF29F6DE7F000001 = {
			isa = PBXFileReference;
			name = English;
			path = English.lproj/FindPanel.nib;
			refType = 4;
		};
		0187897DFF29F6DE7F000001 = {
			fileRef = 0187897BFF29F6DE7F000001;
			isa = PBXBuildFile;
			settings = {
			};
		};
		0192B4E7FF29F9CE7F000001 = {
			isa = PBXFileReference;
			path = TextFinder.h;
			refType = 4;
		};
		0192B4E8FF29F9CE7F000001 = {
			isa = PBXFileReference;
			path = TextFinder.m;
			refType = 4;
		};
		0192B4E9FF29F9CE7F000001 = {
			fileRef = 0192B4E7FF29F9CE7F000001;
			isa = PBXBuildFile;
			settings = {
			};
		};
		0192B4EAFF29F9CE7F000001 = {
			fileRef = 0192B4E8FF29F9CE7F000001;
			isa = PBXBuildFile;
			settings = {
				ATTRIBUTES = (
				);
			};
		};
		01E48F61FF2A05357F000001 = {
			children = (
				01E48F62FF2A05357F000001,
			);
			isa = PBXVariantGroup;
			name = FindPanel.strings;
			path = "";
			refType = 4;
		};
		01E48F62FF2A05357F000001 = {
			isa = PBXFileReference;
			name = English;
			path = English.lproj/FindPanel.strings;
			refType = 4;
		};
		01E48F63FF2A05357F000001 = {
			fileRef = 01E48F61FF2A05357F000001;
			isa = PBXBuildFile;
			settings = {
			};
		};
		01EB3CDFFF7AECE07F000001 = {
			isa = PBXApplicationReference;
			path = TeXShop.app;
			refType = 3;
		};
		022A1696009B14D37F000001 = {
			children = (
				022A1697009B14D37F000001,
				022A1699009B14D37F000001,
				022A169B009B14D37F000001,
				022A169D009B14D37F000001,
				022A169F009B14D37F000001,
				022A16A1009B14D37F000001,
				022A16A3009B14D37F000001,
				022A16A5009B14D37F000001,
				022A16A7009B14D37F000001,
				022A16A9009B14D37F000001,
			);
			isa = PBXGroup;
			name = Dutch;
			path = "";
			refType = 4;
		};
		022A1697009B14D37F000001 = {
			children = (
				022A1698009B14D37F000001,
			);
			isa = PBXVariantGroup;
			name = Credits.rtf;
			path = "";
			refType = 4;
		};
		022A1698009B14D37F000001 = {
			isa = PBXFileReference;
			name = Dutch;
			path = Dutch.lproj/Credits.rtf;
			refType = 4;
		};
		022A1699009B14D37F000001 = {
			children = (
				022A169A009B14D37F000001,
			);
			isa = PBXVariantGroup;
			name = CustomInfo.plist;
			path = "";
			refType = 4;
		};
		022A169A009B14D37F000001 = {
			isa = PBXFileReference;
			name = Dutch;
			path = Dutch.lproj/CustomInfo.plist;
			refType = 4;
		};
		022A169B009B14D37F000001 = {
			children = (
				022A169C009B14D37F000001,
			);
			isa = PBXVariantGroup;
			name = FindPanel.nib;
			path = "";
			refType = 4;
		};
		022A169C009B14D37F000001 = {
			isa = PBXFileReference;
			name = Dutch;
			path = Dutch.lproj/FindPanel.nib;
			refType = 4;
		};
		022A169D009B14D37F000001 = {
			children = (
				022A169E009B14D37F000001,
			);
			isa = PBXVariantGroup;
			name = FindPanel.strings;
			path = "";
			refType = 4;
		};
		022A169E009B14D37F000001 = {
			isa = PBXFileReference;
			name = Dutch;
			path = Dutch.lproj/FindPanel.strings;
			refType = 4;
		};
		022A169F009B14D37F000001 = {
			children = (
				022A16A0009B14D37F000001,
			);
			isa = PBXVariantGroup;
			name = InfoPlist.strings;
			path = "";
			refType = 4;
		};
		022A16A0009B14D37F000001 = {
			isa = PBXFileReference;
			name = Dutch;
			path = Dutch.lproj/InfoPlist.strings;
			refType = 4;
		};
		022A16A1009B14D37F000001 = {
			children = (
				022A16A2009B14D37F000001,
			);
			isa = PBXVariantGroup;
			name = Localizable.strings;
			path = "";
			refType = 4;
		};
		022A16A2009B14D37F000001 = {
			isa = PBXFileReference;
			name = Dutch;
			path = Dutch.lproj/Localizable.strings;
			refType = 4;
		};
		022A16A3009B14D37F000001 = {
			children = (
				022A16A4009B14D37F000001,
			);
			isa = PBXVariantGroup;
			name = MainMenu.nib;
			path = "";
			refType = 4;
		};
		022A16A4009B14D37F000001 = {
			isa = PBXFileReference;
			name = Dutch;
			path = Dutch.lproj/MainMenu.nib;
			refType = 4;
		};
		022A16A5009B14D37F000001 = {
			children = (
				022A16A6009B14D37F000001,
			);
			isa = PBXVariantGroup;
			name = MyDocument.nib;
			path = "";
			refType = 4;
		};
		022A16A6009B14D37F000001 = {
			isa = PBXFileReference;
			name = Dutch;
			path = Dutch.lproj/MyDocument.nib;
			refType = 4;
		};
		022A16A7009B14D37F000001 = {
			children = (
				022A16A8009B14D37F000001,
			);
			isa = PBXVariantGroup;
			name = Preferences.nib;
			path = "";
			refType = 4;
		};
		022A16A8009B14D37F000001 = {
			isa = PBXFileReference;
			name = Dutch;
			path = Dutch.lproj/Preferences.nib;
			refType = 4;
		};
		022A16A9009B14D37F000001 = {
			children = (
				022A16AA009B14D37F000001,
			);
			isa = PBXVariantGroup;
			name = TeXShop.rtf;
			path = "";
			refType = 4;
		};
		022A16AA009B14D37F000001 = {
			isa = PBXFileReference;
			name = Dutch;
			path = Dutch.lproj/TeXShop.rtf;
			refType = 4;
		};
		022A16AB009B14D37F000001 = {
			fileRef = 022A1697009B14D37F000001;
			isa = PBXBuildFile;
			settings = {
			};
		};
		022A16AC009B14D37F000001 = {
			fileRef = 022A1699009B14D37F000001;
			isa = PBXBuildFile;
			settings = {
			};
		};
		022A16AD009B14D37F000001 = {
			fileRef = 022A169B009B14D37F000001;
			isa = PBXBuildFile;
			settings = {
			};
		};
		022A16AE009B14D37F000001 = {
			fileRef = 022A169D009B14D37F000001;
			isa = PBXBuildFile;
			settings = {
			};
		};
		022A16AF009B14D37F000001 = {
			fileRef = 022A169F009B14D37F000001;
			isa = PBXBuildFile;
			settings = {
			};
		};
		022A16B0009B14D37F000001 = {
			fileRef = 022A16A1009B14D37F000001;
			isa = PBXBuildFile;
			settings = {
			};
		};
		022A16B1009B14D37F000001 = {
			fileRef = 022A16A3009B14D37F000001;
			isa = PBXBuildFile;
			settings = {
			};
		};
		022A16B2009B14D37F000001 = {
			fileRef = 022A16A5009B14D37F000001;
			isa = PBXBuildFile;
			settings = {
			};
		};
		022A16B3009B14D37F000001 = {
			fileRef = 022A16A7009B14D37F000001;
			isa = PBXBuildFile;
			settings = {
			};
		};
		022A16B4009B14D37F000001 = {
			fileRef = 022A16A9009B14D37F000001;
			isa = PBXBuildFile;
			settings = {
			};
		};
		022F84EDFFCED99C7F000001 = {
			children = (
				022F84F0FFCED99C7F000001,
				022F84F2FFCED99C7F000001,
				022F84F4FFCED99C7F000001,
				022F84F8FFCED99C7F000001,
				022F84FAFFCED99C7F000001,
				03E6188C009B32C77F000001,
				022F84FCFFCED99C7F000001,
				0E5F027700669B327F000001,
				022F84FEFFCED99C7F000001,
			);
			isa = PBXGroup;
			name = French.lproj;
			path = "";
			refType = 4;
		};
		022F84F0FFCED99C7F000001 = {
			children = (
				022F84F1FFCED99C7F000001,
			);
			isa = PBXVariantGroup;
			name = TeXShop.rtf;
			path = "";
			refType = 4;
		};
		022F84F1FFCED99C7F000001 = {
			isa = PBXFileReference;
			name = French;
			path = French.lproj/TeXShop.rtf;
			refType = 4;
		};
		022F84F2FFCED99C7F000001 = {
			children = (
				022F84F3FFCED99C7F000001,
			);
			isa = PBXVariantGroup;
			name = MyDocument.nib;
			path = "";
			refType = 4;
		};
		022F84F3FFCED99C7F000001 = {
			isa = PBXFileReference;
			name = French;
			path = French.lproj/MyDocument.nib;
			refType = 4;
		};
		022F84F4FFCED99C7F000001 = {
			children = (
				022F84F5FFCED99C7F000001,
			);
			isa = PBXVariantGroup;
			name = MainMenu.nib;
			path = "";
			refType = 4;
		};
		022F84F5FFCED99C7F000001 = {
			isa = PBXFileReference;
			name = French;
			path = French.lproj/MainMenu.nib;
			refType = 4;
		};
		022F84F8FFCED99C7F000001 = {
			children = (
				022F84F9FFCED99C7F000001,
			);
			isa = PBXVariantGroup;
			name = InfoPlist.strings;
			path = "";
			refType = 4;
		};
		022F84F9FFCED99C7F000001 = {
			isa = PBXFileReference;
			name = French;
			path = French.lproj/InfoPlist.strings;
			refType = 4;
		};
		022F84FAFFCED99C7F000001 = {
			children = (
				022F84FBFFCED99C7F000001,
			);
			isa = PBXVariantGroup;
			name = FindPanel.strings;
			path = "";
			refType = 4;
		};
		022F84FBFFCED99C7F000001 = {
			isa = PBXFileReference;
			name = French;
			path = French.lproj/FindPanel.strings;
			refType = 4;
		};
		022F84FCFFCED99C7F000001 = {
			children = (
				022F84FDFFCED99C7F000001,
			);
			isa = PBXVariantGroup;
			name = FindPanel.nib;
			path = "";
			refType = 4;
		};
		022F84FDFFCED99C7F000001 = {
			isa = PBXFileReference;
			name = French;
			path = French.lproj/FindPanel.nib;
			refType = 4;
		};
		022F84FEFFCED99C7F000001 = {
			children = (
				022F84FFFFCED99C7F000001,
			);
			isa = PBXVariantGroup;
			name = CustomInfo.plist;
			path = "";
			refType = 4;
		};
		022F84FFFFCED99C7F000001 = {
			isa = PBXFileReference;
			name = French;
			path = French.lproj/CustomInfo.plist;
			refType = 4;
		};
		022F8502FFCED99C7F000001 = {
			fileRef = 022F84FEFFCED99C7F000001;
			isa = PBXBuildFile;
			settings = {
			};
		};
		022F8503FFCED99C7F000001 = {
			fileRef = 022F84FCFFCED99C7F000001;
			isa = PBXBuildFile;
			settings = {
			};
		};
		022F8504FFCED99C7F000001 = {
			fileRef = 022F84FAFFCED99C7F000001;
			isa = PBXBuildFile;
			settings = {
			};
		};
		022F8506FFCED99C7F000001 = {
			fileRef = 022F84F8FFCED99C7F000001;
			isa = PBXBuildFile;
			settings = {
			};
		};
		022F8508FFCED99C7F000001 = {
			fileRef = 022F84F4FFCED99C7F000001;
			isa = PBXBuildFile;
			settings = {
			};
		};
		022F8509FFCED99C7F000001 = {
			fileRef = 022F84F2FFCED99C7F000001;
			isa = PBXBuildFile;
			settings = {
			};
		};
		022F850AFFCED99C7F000001 = {
			fileRef = 022F84F0FFCED99C7F000001;
			isa = PBXBuildFile;
			settings = {
			};
		};
		025B9F30FF07DC0880DF2474 = {
			children = (
				025B9F31FF07DC0880DF2474,
			);
			isa = PBXVariantGroup;
			name = CustomInfo.plist;
			path = "";
			refType = 4;
		};
		025B9F31FF07DC0880DF2474 = {
			isa = PBXFileReference;
			name = English;
			path = English.lproj/CustomInfo.plist;
			refType = 4;
		};
		025B9F32FF07DC0880DF2474 = {
			fileRef = 025B9F30FF07DC0880DF2474;
			isa = PBXBuildFile;
			settings = {
			};
		};
		0273C927FF23CC9B80DF2474 = {
			children = (
				00E3D4B8FF24EF1F80DF2474,
				0D693A0D0066975B7F000001,
			);
			isa = PBXGroup;
			name = Images;
			refType = 4;
		};
		027B3F65000AD8447F000001 = {
			children = (
				0187897BFF29F6DE7F000001,
				2A37F4B6FDCFA73011CA2CEA,
				2A37F4B4FDCFA73011CA2CEA,
				0AC768BE001078217F000001,
				022F84EDFFCED99C7F000001,
				00E0FAB8FFFC64CB7F000001,
				015833F6007F95F37F000001,
				022A1696009B14D37F000001,
			);
			isa = PBXGroup;
			name = Interfaces;
			refType = 4;
		};
		03515346FFDB31747F000001 = {
			isa = PBXFileReference;
			path = extras.m;
			refType = 4;
		};
		03515347FFDB31747F000001 = {
			fileRef = 03515346FFDB31747F000001;
			isa = PBXBuildFile;
			settings = {
				ATTRIBUTES = (
				);
			};
		};
		03E6188C009B32C77F000001 = {
			children = (
				03E6188D009B32C77F000001,
			);
			isa = PBXVariantGroup;
			name = Localizable.strings;
			path = "";
			refType = 4;
		};
		03E6188D009B32C77F000001 = {
			isa = PBXFileReference;
			name = French;
			path = French.lproj/Localizable.strings;
			refType = 4;
		};
		03E6188E009B32C77F000001 = {
			children = (
				03E6188F009B32C77F000001,
			);
			isa = PBXVariantGroup;
			name = Localizable.strings;
			path = "";
			refType = 4;
		};
		03E6188F009B32C77F000001 = {
			isa = PBXFileReference;
			name = German;
			path = German.lproj/Localizable.strings;
			refType = 4;
		};
		03E61890009B32C77F000001 = {
			children = (
				03E61891009B32C77F000001,
			);
			isa = PBXVariantGroup;
			name = Localizable.strings;
			path = "";
			refType = 4;
		};
		03E61891009B32C77F000001 = {
			isa = PBXFileReference;
			name = Italian;
			path = Italian.lproj/Localizable.strings;
			refType = 4;
		};
		03E61892009B32C77F000001 = {
			children = (
				03E61893009B32C77F000001,
			);
			isa = PBXVariantGroup;
			name = Localizable.strings;
			path = "";
			refType = 4;
		};
		03E61893009B32C77F000001 = {
			isa = PBXFileReference;
			name = English;
			path = English.lproj/Localizable.strings;
			refType = 4;
		};
		03E61894009B32C77F000001 = {
			fileRef = 03E61892009B32C77F000001;
			isa = PBXBuildFile;
			settings = {
			};
		};
		03E61895009B32C77F000001 = {
			fileRef = 03E6188C009B32C77F000001;
			isa = PBXBuildFile;
			settings = {
			};
		};
		03E61896009B32C77F000001 = {
			fileRef = 03E6188E009B32C77F000001;
			isa = PBXBuildFile;
			settings = {
			};
		};
		03E61897009B32C77F000001 = {
			fileRef = 03E61890009B32C77F000001;
			isa = PBXBuildFile;
			settings = {
			};
		};
		043355CEFE303625C02AAC07 = {
			buildActionMask = 2147483647;
			files = (
			);
			isa = PBXRezBuildPhase;
			name = "ResourceManager Resources";
		};
		080E96D9FE201CDB7F000001 = {
			fileRef = 2A37F4B9FDCFA73011CA2CEA;
			isa = PBXBuildFile;
			settings = {
			};
		};
		080E96DAFE201CDB7F000001 = {
			fileRef = 2A37F4B6FDCFA73011CA2CEA;
			isa = PBXBuildFile;
			settings = {
			};
		};
		080E96DBFE201CDB7F000001 = {
			fileRef = 2A37F4B4FDCFA73011CA2CEA;
			isa = PBXBuildFile;
			settings = {
			};
		};
		089C165FFE840EACC02AAC07 = {
			children = (
				089C1660FE840EACC02AAC07,
			);
			isa = PBXVariantGroup;
			name = InfoPlist.strings;
			refType = 4;
		};
		089C1660FE840EACC02AAC07 = {
			isa = PBXFileReference;
			name = English;
			path = English.lproj/InfoPlist.strings;
			refType = 4;
		};
		089C1661FE840EACC02AAC07 = {
			fileRef = 089C165FFE840EACC02AAC07;
			isa = PBXBuildFile;
			settings = {
			};
		};
		0AC768BE001078217F000001 = {
			children = (
				0AC768BF001078217F000001,
			);
			isa = PBXVariantGroup;
			name = Preferences.nib;
			path = "";
			refType = 4;
		};
		0AC768BF001078217F000001 = {
			isa = PBXFileReference;
			name = English;
			path = English.lproj/Preferences.nib;
			refType = 4;
		};
		0AC768C0001078217F000001 = {
			fileRef = 0AC768BE001078217F000001;
			isa = PBXBuildFile;
			settings = {
			};
		};
		0AC768C10010B19F7F000001 = {
			isa = PBXFileReference;
			path = FactoryDefaults.plist;
			refType = 4;
		};
		0AC768C20010B19F7F000001 = {
			fileRef = 0AC768C10010B19F7F000001;
			isa = PBXBuildFile;
			settings = {
			};
		};
		0AC768C30010B1D17F000001 = {
			isa = PBXFileReference;
			path = TSPreferences.h;
			refType = 4;
		};
		0AC768C40010B1D17F000001 = {
			isa = PBXFileReference;
			path = TSPreferences.m;
			refType = 4;
		};
		0AC768C50010B1D17F000001 = {
			fileRef = 0AC768C30010B1D17F000001;
			isa = PBXBuildFile;
			settings = {
			};
		};
		0AC768C60010B1D17F000001 = {
			fileRef = 0AC768C40010B1D17F000001;
			isa = PBXBuildFile;
			settings = {
				ATTRIBUTES = (
				);
			};
		};
		0AC768C70010B25E7F000001 = {
			isa = PBXFileReference;
			path = globals.h;
			refType = 4;
		};
		0AC768C80010B25E7F000001 = {
			isa = PBXFileReference;
			path = globals.m;
			refType = 4;
		};
		0AC768C90010B25E7F000001 = {
			fileRef = 0AC768C70010B25E7F000001;
			isa = PBXBuildFile;
			settings = {
			};
		};
		0AC768CA0010B25E7F000001 = {
			fileRef = 0AC768C80010B25E7F000001;
			isa = PBXBuildFile;
			settings = {
				ATTRIBUTES = (
				);
			};
		};
		0D693A0D0066975B7F000001 = {
			isa = PBXFileReference;
			path = tex.icns;
			refType = 4;
		};
		0D693A0E0066975B7F000001 = {
			fileRef = 0D693A0D0066975B7F000001;
			isa = PBXBuildFile;
			settings = {
			};
		};
		0E5F027600669A5F7F000001 = {
			isa = PBXFileReference;
			name = French;
			path = French.lproj/Credits.rtf;
			refType = 4;
		};
		0E5F027700669B327F000001 = {
			children = (
				0E5F027800669B327F000001,
			);
			isa = PBXVariantGroup;
			name = Preferences.nib;
			path = "";
			refType = 4;
		};
		0E5F027800669B327F000001 = {
			isa = PBXFileReference;
			name = French;
			path = French.lproj/Preferences.nib;
			refType = 4;
		};
		0E5F027900669B327F000001 = {
			fileRef = 0E5F027700669B327F000001;
			isa = PBXBuildFile;
			settings = {
			};
		};
		1058C7A6FEA54F5311CA2CBB = {
			children = (
				1058C7A7FEA54F5311CA2CBB,
			);
			isa = PBXGroup;
			name = "Linked Frameworks";
			refType = 4;
		};
		1058C7A7FEA54F5311CA2CBB = {
			isa = PBXFrameworkReference;
			name = Cocoa.framework;
			path = /System/Library/Frameworks/Cocoa.framework;
			refType = 0;
		};
		1058C7A8FEA54F5311CA2CBB = {
			children = (
				2A37F4C5FDCFA73011CA2CEA,
				2A37F4C4FDCFA73011CA2CEA,
			);
			isa = PBXGroup;
			name = "Other Frameworks";
			refType = 4;
		};
		1058C7A9FEA54F5311CA2CBB = {
			fileRef = 1058C7A7FEA54F5311CA2CBB;
			isa = PBXBuildFile;
			settings = {
			};
		};
		19C28FB0FE9D524F11CA2CBB = {
			children = (
				01EB3CDFFF7AECE07F000001,
			);
			isa = PBXGroup;
			name = Products;
			refType = 4;
		};
		2A37F4A9FDCFA73011CA2CEA = {
			buildStyles = (
				010D8EE3005C2F637F000001,
				010D8EE4005C2F637F000001,
			);
			isa = PBXProject;
			knownRegions = (
				English,
				Japanese,
				French,
				German,
				Italian,
				Dutch,
			);
			mainGroup = 2A37F4AAFDCFA73011CA2CEA;
			targets = (
				2A37F4C6FDCFA73011CA2CEA,
			);
		};
		2A37F4AAFDCFA73011CA2CEA = {
			children = (
				2A37F4ABFDCFA73011CA2CEA,
				2A37F4AFFDCFA73011CA2CEA,
				027B3F65000AD8447F000001,
				2A37F4B8FDCFA73011CA2CEA,
				0273C927FF23CC9B80DF2474,
				2A37F4C3FDCFA73011CA2CEA,
				19C28FB0FE9D524F11CA2CBB,
			);
			isa = PBXGroup;
			name = CocoaDocApp;
			path = "";
			refType = 4;
		};
		2A37F4ABFDCFA73011CA2CEA = {
			children = (
				00CFF0E9000ACFC67F000001,
				00CFF0EB000ACFFC7F000001,
				00CFF0ED000AD0B87F000001,
				00CFF0EE000AD0B87F000001,
				2A37F4AEFDCFA73011CA2CEA,
				2A37F4ACFDCFA73011CA2CEA,
				00CFF0F9000AD2807F000001,
				00CFF0FA000AD2807F000001,
				00CFF0F1000AD1547F000001,
				00CFF0F2000AD1547F000001,
				00CFF0F5000AD1F27F000001,
				00CFF0F6000AD1F27F000001,
				0192B4E7FF29F9CE7F000001,
				0192B4E8FF29F9CE7F000001,
				00E7EAC1001D35FA7F000001,
				00E7EAC2001D35FA7F000001,
				0AC768C30010B1D17F000001,
				0AC768C40010B1D17F000001,
				00E5E439003E251B7F000001,
				00E5E43A003E251B7F000001,
			);
			isa = PBXGroup;
			name = Classes;
			path = "";
			refType = 4;
		};
		2A37F4ACFDCFA73011CA2CEA = {
			isa = PBXFileReference;
			path = MyDocument.m;
			refType = 4;
		};
		2A37F4AEFDCFA73011CA2CEA = {
			isa = PBXFileReference;
			path = MyDocument.h;
			refType = 4;
		};
		2A37F4AFFDCFA73011CA2CEA = {
			children = (
				00FE5082000C0E287F000001,
				03515346FFDB31747F000001,
				0AC768C70010B25E7F000001,
				0AC768C80010B25E7F000001,
				2A37F4B0FDCFA73011CA2CEA,
			);
			isa = PBXGroup;
			name = "Other Sources";
			path = "";
			refType = 4;
		};
		2A37F4B0FDCFA73011CA2CEA = {
			isa = PBXFileReference;
			path = main.m;
			refType = 4;
		};
		2A37F4B4FDCFA73011CA2CEA = {
			children = (
				2A37F4B5FDCFA73011CA2CEA,
			);
			isa = PBXVariantGroup;
			name = MyDocument.nib;
			path = "";
			refType = 4;
		};
		2A37F4B5FDCFA73011CA2CEA = {
			isa = PBXFileReference;
			name = English;
			path = English.lproj/MyDocument.nib;
			refType = 4;
		};
		2A37F4B6FDCFA73011CA2CEA = {
			children = (
				2A37F4B7FDCFA73011CA2CEA,
			);
			isa = PBXVariantGroup;
			name = MainMenu.nib;
			path = "";
			refType = 4;
		};
		2A37F4B7FDCFA73011CA2CEA = {
			isa = PBXFileReference;
			name = English;
			path = English.lproj/MainMenu.nib;
			refType = 4;
		};
		2A37F4B8FDCFA73011CA2CEA = {
			children = (
				2A37F4B9FDCFA73011CA2CEA,
				089C165FFE840EACC02AAC07,
				025B9F30FF07DC0880DF2474,
				0AC768C10010B19F7F000001,
				01E48F61FF2A05357F000001,
				03E61892009B32C77F000001,
				00C86224FF221B217F000001,
				01590A11FFC746C880DF2474,
				00C86226FF221B217F000001,
				00C86228FF221B217F000001,
			);
			isa = PBXGroup;
			name = Resources;
			path = "";
			refType = 4;
		};
		2A37F4B9FDCFA73011CA2CEA = {
			children = (
				2A37F4BAFDCFA73011CA2CEA,
				0E5F027600669A5F7F000001,
			);
			isa = PBXVariantGroup;
			name = Credits.rtf;
			path = "";
			refType = 4;
		};
		2A37F4BAFDCFA73011CA2CEA = {
			isa = PBXFileReference;
			name = English;
			path = English.lproj/Credits.rtf;
			refType = 4;
		};
		2A37F4C3FDCFA73011CA2CEA = {
			children = (
				1058C7A6FEA54F5311CA2CBB,
				1058C7A8FEA54F5311CA2CBB,
			);
			isa = PBXGroup;
			name = Frameworks;
			path = "";
			refType = 4;
		};
		2A37F4C4FDCFA73011CA2CEA = {
			isa = PBXFrameworkReference;
			name = AppKit.framework;
			path = /System/Library/Frameworks/AppKit.framework;
			refType = 0;
		};
		2A37F4C5FDCFA73011CA2CEA = {
			isa = PBXFrameworkReference;
			name = Foundation.framework;
			path = /System/Library/Frameworks/Foundation.framework;
			refType = 0;
		};
		2A37F4C6FDCFA73011CA2CEA = {
			buildPhases = (
				2A37F4C7FDCFA73011CA2CEA,
				2A37F4C9FDCFA73011CA2CEA,
				2A37F4CEFDCFA73011CA2CEA,
				2A37F4D1FDCFA73011CA2CEA,
				043355CEFE303625C02AAC07,
			);
			buildSettings = {
				FRAMEWORK_SEARCH_PATHS = "";
				HEADER_SEARCH_PATHS = "";
				INSTALL_PATH = "$(HOME)/Applications";
				LIBRARY_SEARCH_PATHS = "";
				OPTIMIZATION_CFLAGS = "";
				OTHER_CFLAGS = "";
				OTHER_LDFLAGS = "";
				PRODUCT_NAME = TeXShop;
				SECTORDER_FLAGS = "";
				WARNING_CFLAGS = "-Wmost -Wno-four-char-constants -Wno-unknown-pragmas";
				WRAPPER_EXTENSION = app;
			};
			conditionalBuildSettings = {
			};
			dependencies = (
			);
			isa = PBXApplicationTarget;
			name = TeXShop;
			productInstallPath = "$(HOME)/Applications";
			productName = TeXShop;
			productReference = 01EB3CDFFF7AECE07F000001;
			productSettingsXML = "<?xml version=\"1.0\" encoding=\"UTF-8\"?>
<!DOCTYPE plist SYSTEM \"file://localhost/System/Library/DTDs/PropertyList.dtd\">
<plist version=\"0.9\">
<dict>
	<key>CFBundleDevelopmentRegion</key>
	<string>English</string>
	<key>CFBundleDocumentTypes</key>
	<array>
		<dict>
			<key>CFBundleTypeExtensions</key>
			<array>
				<string>tex</string>
				<string>TEX</string>
				<string>txt</string>
				<string>TXT</string>
				<string></string>
			</array>
			<key>CFBundleTypeIconFile</key>
			<string>tex.icns</string>
			<key>CFBundleTypeName</key>
			<string>DocumentType</string>
			<key>CFBundleTypeOSTypes</key>
			<array>
				<string>????</string>
				<string>TEXT</string>
			</array>
			<key>CFBundleTypeRole</key>
			<string>Editor</string>
			<key>NSDocumentClass</key>
			<string>MyDocument</string>
		</dict>
	</array>
	<key>CFBundleExecutable</key>
	<string>TeXShop</string>
	<key>CFBundleIconFile</key>
	<string>Icons.icns</string>
	<key>CFBundleInfoDictionaryVersion</key>
	<string>6.0</string>
	<key>CFBundlePackageType</key>
	<string>APPL</string>
	<key>CFBundleSignature</key>
	<string>????</string>
	<key>CFBundleVersion</key>
	<string>1.0</string>
	<key>NSMainNibFile</key>
	<string>MainMenu</string>
	<key>NSPrincipalClass</key>
	<string>NSApplication</string>
</dict>
</plist>
";
			shouldUseHeadermap = 1;
		};
		2A37F4C7FDCFA73011CA2CEA = {
			buildActionMask = 2147483647;
			files = (
				2A37F4C8FDCFA73011CA2CEA,
				0192B4E9FF29F9CE7F000001,
				00CFF0EA000ACFC67F000001,
				00CFF0EF000AD0B87F000001,
				00CFF0F3000AD1547F000001,
				00CFF0F7000AD1F27F000001,
				00CFF0FB000AD2807F000001,
				00FE5083000C0E287F000001,
				0AC768C50010B1D17F000001,
				0AC768C90010B25E7F000001,
				00E7EAC3001D35FA7F000001,
				00E5E43B003E251B7F000001,
			);
			isa = PBXHeadersBuildPhase;
			name = Headers;
		};
		2A37F4C8FDCFA73011CA2CEA = {
			fileRef = 2A37F4AEFDCFA73011CA2CEA;
			isa = PBXBuildFile;
			settings = {
			};
		};
		2A37F4C9FDCFA73011CA2CEA = {
			buildActionMask = 2147483647;
			files = (
				080E96D9FE201CDB7F000001,
				080E96DAFE201CDB7F000001,
				080E96DBFE201CDB7F000001,
				089C1661FE840EACC02AAC07,
				025B9F32FF07DC0880DF2474,
				00D514EB001AAB0A7F000001,
				00D514EC001AAB167F000001,
				00D514ED001AAB1F7F000001,
				00E3D4B9FF24EF1F80DF2474,
				0187897DFF29F6DE7F000001,
				01E48F63FF2A05357F000001,
				01590A13FFC746C880DF2474,
				022F8502FFCED99C7F000001,
				022F8503FFCED99C7F000001,
				022F8504FFCED99C7F000001,
				022F8506FFCED99C7F000001,
				022F8508FFCED99C7F000001,
				022F8509FFCED99C7F000001,
				022F850AFFCED99C7F000001,
				00E0FAE7FFFC651B7F000001,
				00E0FAE9FFFC651B7F000001,
				00E0FAEBFFFC651B7F000001,
				00E0FAEEFFFC651B7F000001,
				00E0FAEFFFFC651B7F000001,
				00E0FAF1FFFC651B7F000001,
				00E0FAF2FFFC651B7F000001,
				00E0FAF4FFFC651B7F000001,
				00E0FAF7FFFC651B7F000001,
				00E0FAFAFFFC651B7F000001,
				00E0FAFCFFFC651B7F000001,
				0AC768C0001078217F000001,
				0AC768C20010B19F7F000001,
				0D693A0E0066975B7F000001,
				0E5F027900669B327F000001,
				015833DD007F94CC7F000001,
				015833EE007F959D7F000001,
				015833EF007F959D7F000001,
				015833F0007F959D7F000001,
				015833F1007F959D7F000001,
				015833F2007F959D7F000001,
				015833F3007F959D7F000001,
				015833F4007F959D7F000001,
				015833F5007F959D7F000001,
				022A16AB009B14D37F000001,
				022A16AC009B14D37F000001,
				022A16AD009B14D37F000001,
				022A16AE009B14D37F000001,
				022A16AF009B14D37F000001,
				022A16B0009B14D37F000001,
				022A16B1009B14D37F000001,
				022A16B2009B14D37F000001,
				022A16B3009B14D37F000001,
				022A16B4009B14D37F000001,
				03E61894009B32C77F000001,
				03E61895009B32C77F000001,
				03E61896009B32C77F000001,
				03E61897009B32C77F000001,
			);
			isa = PBXResourcesBuildPhase;
			name = "Bundle Resources";
		};
		2A37F4CEFDCFA73011CA2CEA = {
			buildActionMask = 2147483647;
			files = (
				2A37F4CFFDCFA73011CA2CEA,
				2A37F4D0FDCFA73011CA2CEA,
				0192B4EAFF29F9CE7F000001,
				03515347FFDB31747F000001,
				00CFF0EC000ACFFD7F000001,
				00CFF0F0000AD0B87F000001,
				00CFF0F4000AD1547F000001,
				00CFF0F8000AD1F27F000001,
				00CFF0FC000AD2807F000001,
				0AC768C60010B1D17F000001,
				0AC768CA0010B25E7F000001,
				00E7EAC4001D35FA7F000001,
				00E5E43C003E251B7F000001,
			);
			isa = PBXSourcesBuildPhase;
			name = Sources;
		};
		2A37F4CFFDCFA73011CA2CEA = {
			fileRef = 2A37F4ACFDCFA73011CA2CEA;
			isa = PBXBuildFile;
			settings = {
				ATTRIBUTES = (
				);
			};
		};
		2A37F4D0FDCFA73011CA2CEA = {
			fileRef = 2A37F4B0FDCFA73011CA2CEA;
			isa = PBXBuildFile;
			settings = {
				ATTRIBUTES = (
				);
			};
		};
		2A37F4D1FDCFA73011CA2CEA = {
			buildActionMask = 2147483647;
			files = (
				1058C7A9FEA54F5311CA2CBB,
			);
			isa = PBXFrameworksBuildPhase;
			name = "Frameworks & Libraries";
		};
	};
	rootObject = 2A37F4A9FDCFA73011CA2CEA;
}
