// !$*UTF8*$!
{
	archiveVersion = 1;
	classes = {
	};
	objectVersion = 51;
	objects = {

/* Begin PBXBuildFile section */
		34FE346B142998020011B1B7 /* Cocoa.framework in Frameworks */ = {isa = PBXBuildFile; fileRef = 34FE346A142998020011B1B7 /* Cocoa.framework */; };
		34FE3475142998020011B1B7 /* InfoPlist.strings in Resources */ = {isa = PBXBuildFile; fileRef = 34FE3473142998020011B1B7 /* InfoPlist.strings */; };
		34FE3477142998020011B1B7 /* main.m in Sources */ = {isa = PBXBuildFile; fileRef = 34FE3476142998020011B1B7 /* main.m */; };
		34FE347B142998020011B1B7 /* Credits.rtf in Resources */ = {isa = PBXBuildFile; fileRef = 34FE3479142998020011B1B7 /* Credits.rtf */; };
		34FE347E142998020011B1B7 /* ScriptRunnerAppDelegate.m in Sources */ = {isa = PBXBuildFile; fileRef = 34FE347D142998020011B1B7 /* ScriptRunnerAppDelegate.m */; };
		34FE3481142998020011B1B7 /* MainMenu.xib in Resources */ = {isa = PBXBuildFile; fileRef = 34FE347F142998020011B1B7 /* MainMenu.xib */; };
		34FE3489142998CA0011B1B7 /* Globals.m in Sources */ = {isa = PBXBuildFile; fileRef = 34FE3488142998CA0011B1B7 /* Globals.m */; };
/* End PBXBuildFile section */

/* Begin PBXFileReference section */
		34FE3466142998020011B1B7 /* ScriptRunner.app */ = {isa = PBXFileReference; explicitFileType = wrapper.application; includeInIndex = 0; path = ScriptRunner.app; sourceTree = BUILT_PRODUCTS_DIR; };
		34FE346A142998020011B1B7 /* Cocoa.framework */ = {isa = PBXFileReference; lastKnownFileType = wrapper.framework; name = Cocoa.framework; path = System/Library/Frameworks/Cocoa.framework; sourceTree = SDKROOT; };
		34FE346D142998020011B1B7 /* AppKit.framework */ = {isa = PBXFileReference; lastKnownFileType = wrapper.framework; name = AppKit.framework; path = System/Library/Frameworks/AppKit.framework; sourceTree = SDKROOT; };
		34FE346E142998020011B1B7 /* CoreData.framework */ = {isa = PBXFileReference; lastKnownFileType = wrapper.framework; name = CoreData.framework; path = System/Library/Frameworks/CoreData.framework; sourceTree = SDKROOT; };
		34FE346F142998020011B1B7 /* Foundation.framework */ = {isa = PBXFileReference; lastKnownFileType = wrapper.framework; name = Foundation.framework; path = System/Library/Frameworks/Foundation.framework; sourceTree = SDKROOT; };
		34FE3472142998020011B1B7 /* ScriptRunner-Info.plist */ = {isa = PBXFileReference; lastKnownFileType = text.plist.xml; path = "ScriptRunner-Info.plist"; sourceTree = "<group>"; };
		34FE3474142998020011B1B7 /* en */ = {isa = PBXFileReference; lastKnownFileType = text.plist.strings; name = en; path = en.lproj/InfoPlist.strings; sourceTree = "<group>"; };
		34FE3476142998020011B1B7 /* main.m */ = {isa = PBXFileReference; lastKnownFileType = sourcecode.c.objc; path = main.m; sourceTree = "<group>"; };
		34FE3478142998020011B1B7 /* ScriptRunner-Prefix.pch */ = {isa = PBXFileReference; lastKnownFileType = sourcecode.c.h; path = "ScriptRunner-Prefix.pch"; sourceTree = "<group>"; };
		34FE347A142998020011B1B7 /* en */ = {isa = PBXFileReference; lastKnownFileType = text.rtf; name = en; path = en.lproj/Credits.rtf; sourceTree = "<group>"; };
		34FE347C142998020011B1B7 /* ScriptRunnerAppDelegate.h */ = {isa = PBXFileReference; lastKnownFileType = sourcecode.c.h; path = ScriptRunnerAppDelegate.h; sourceTree = "<group>"; };
		34FE347D142998020011B1B7 /* ScriptRunnerAppDelegate.m */ = {isa = PBXFileReference; lastKnownFileType = sourcecode.c.objc; path = ScriptRunnerAppDelegate.m; sourceTree = "<group>"; };
		34FE3480142998020011B1B7 /* en */ = {isa = PBXFileReference; lastKnownFileType = file.xib; name = en; path = en.lproj/MainMenu.xib; sourceTree = "<group>"; };
		34FE3487142998CA0011B1B7 /* Globals.h */ = {isa = PBXFileReference; fileEncoding = 4; lastKnownFileType = sourcecode.c.h; path = Globals.h; sourceTree = "<group>"; };
		34FE3488142998CA0011B1B7 /* Globals.m */ = {isa = PBXFileReference; fileEncoding = 4; lastKnownFileType = sourcecode.c.objc; path = Globals.m; sourceTree = "<group>"; };
/* End PBXFileReference section */

/* Begin PBXFrameworksBuildPhase section */
		34FE3463142998020011B1B7 /* Frameworks */ = {
			isa = PBXFrameworksBuildPhase;
			buildActionMask = 2147483647;
			files = (
				34FE346B142998020011B1B7 /* Cocoa.framework in Frameworks */,
			);
			runOnlyForDeploymentPostprocessing = 0;
		};
/* End PBXFrameworksBuildPhase section */

/* Begin PBXGroup section */
		34FE345B142998020011B1B7 = {
			isa = PBXGroup;
			children = (
				34FE3470142998020011B1B7 /* ScriptRunner */,
				34FE3469142998020011B1B7 /* Frameworks */,
				34FE3467142998020011B1B7 /* Products */,
			);
			sourceTree = "<group>";
		};
		34FE3467142998020011B1B7 /* Products */ = {
			isa = PBXGroup;
			children = (
				34FE3466142998020011B1B7 /* ScriptRunner.app */,
			);
			name = Products;
			sourceTree = "<group>";
		};
		34FE3469142998020011B1B7 /* Frameworks */ = {
			isa = PBXGroup;
			children = (
				34FE346A142998020011B1B7 /* Cocoa.framework */,
				34FE346C142998020011B1B7 /* Other Frameworks */,
			);
			name = Frameworks;
			sourceTree = "<group>";
		};
		34FE346C142998020011B1B7 /* Other Frameworks */ = {
			isa = PBXGroup;
			children = (
				34FE346D142998020011B1B7 /* AppKit.framework */,
				34FE346E142998020011B1B7 /* CoreData.framework */,
				34FE346F142998020011B1B7 /* Foundation.framework */,
			);
			name = "Other Frameworks";
			sourceTree = "<group>";
		};
		34FE3470142998020011B1B7 /* ScriptRunner */ = {
			isa = PBXGroup;
			children = (
				34FE347C142998020011B1B7 /* ScriptRunnerAppDelegate.h */,
				34FE347D142998020011B1B7 /* ScriptRunnerAppDelegate.m */,
				34FE347F142998020011B1B7 /* MainMenu.xib */,
				34FE3471142998020011B1B7 /* Supporting Files */,
			);
			path = ScriptRunner;
			sourceTree = "<group>";
		};
		34FE3471142998020011B1B7 /* Supporting Files */ = {
			isa = PBXGroup;
			children = (
				34FE3472142998020011B1B7 /* ScriptRunner-Info.plist */,
				34FE3473142998020011B1B7 /* InfoPlist.strings */,
				34FE3476142998020011B1B7 /* main.m */,
				34FE3478142998020011B1B7 /* ScriptRunner-Prefix.pch */,
				34FE3479142998020011B1B7 /* Credits.rtf */,
				34FE3487142998CA0011B1B7 /* Globals.h */,
				34FE3488142998CA0011B1B7 /* Globals.m */,
			);
			name = "Supporting Files";
			sourceTree = "<group>";
		};
/* End PBXGroup section */

/* Begin PBXNativeTarget section */
		34FE3465142998020011B1B7 /* ScriptRunner */ = {
			isa = PBXNativeTarget;
			buildConfigurationList = 34FE3484142998020011B1B7 /* Build configuration list for PBXNativeTarget "ScriptRunner" */;
			buildPhases = (
				34FE3462142998020011B1B7 /* Sources */,
				34FE3463142998020011B1B7 /* Frameworks */,
				34FE3464142998020011B1B7 /* Resources */,
			);
			buildRules = (
			);
			dependencies = (
			);
			name = ScriptRunner;
			productName = ScriptRunner;
			productReference = 34FE3466142998020011B1B7 /* ScriptRunner.app */;
			productType = "com.apple.product-type.application";
		};
/* End PBXNativeTarget section */

/* Begin PBXProject section */
		34FE345D142998020011B1B7 /* Project object */ = {
			isa = PBXProject;
			attributes = {
				LastUpgradeCheck = 1000;
			};
			buildConfigurationList = 34FE3460142998020011B1B7 /* Build configuration list for PBXProject "ScriptRunner" */;
			compatibilityVersion = "Xcode 10.0";
			developmentRegion = English;
			hasScannedForEncodings = 0;
			knownRegions = (
				en,
			);
			mainGroup = 34FE345B142998020011B1B7;
			productRefGroup = 34FE3467142998020011B1B7 /* Products */;
			projectDirPath = "";
			projectRoot = "";
			targets = (
				34FE3465142998020011B1B7 /* ScriptRunner */,
			);
		};
/* End PBXProject section */

/* Begin PBXResourcesBuildPhase section */
		34FE3464142998020011B1B7 /* Resources */ = {
			isa = PBXResourcesBuildPhase;
			buildActionMask = 2147483647;
			files = (
				34FE3475142998020011B1B7 /* InfoPlist.strings in Resources */,
				34FE347B142998020011B1B7 /* Credits.rtf in Resources */,
				34FE3481142998020011B1B7 /* MainMenu.xib in Resources */,
			);
			runOnlyForDeploymentPostprocessing = 0;
		};
/* End PBXResourcesBuildPhase section */

/* Begin PBXSourcesBuildPhase section */
		34FE3462142998020011B1B7 /* Sources */ = {
			isa = PBXSourcesBuildPhase;
			buildActionMask = 2147483647;
			files = (
				34FE3477142998020011B1B7 /* main.m in Sources */,
				34FE347E142998020011B1B7 /* ScriptRunnerAppDelegate.m in Sources */,
				34FE3489142998CA0011B1B7 /* Globals.m in Sources */,
			);
			runOnlyForDeploymentPostprocessing = 0;
		};
/* End PBXSourcesBuildPhase section */

/* Begin PBXVariantGroup section */
		34FE3473142998020011B1B7 /* InfoPlist.strings */ = {
			isa = PBXVariantGroup;
			children = (
				34FE3474142998020011B1B7 /* en */,
			);
			name = InfoPlist.strings;
			sourceTree = "<group>";
		};
		34FE3479142998020011B1B7 /* Credits.rtf */ = {
			isa = PBXVariantGroup;
			children = (
				34FE347A142998020011B1B7 /* en */,
			);
			name = Credits.rtf;
			sourceTree = "<group>";
		};
		34FE347F142998020011B1B7 /* MainMenu.xib */ = {
			isa = PBXVariantGroup;
			children = (
				34FE3480142998020011B1B7 /* en */,
			);
			name = MainMenu.xib;
			sourceTree = "<group>";
		};
/* End PBXVariantGroup section */

/* Begin XCBuildConfiguration section */
		34FE3482142998020011B1B7 /* Debug */ = {
			isa = XCBuildConfiguration;
			buildSettings = {
				ALWAYS_SEARCH_USER_PATHS = NO;
				CLANG_WARN_BLOCK_CAPTURE_AUTORELEASING = YES;
				CLANG_WARN_BOOL_CONVERSION = YES;
				CLANG_WARN_COMMA = YES;
				CLANG_WARN_CONSTANT_CONVERSION = YES;
				CLANG_WARN_DEPRECATED_OBJC_IMPLEMENTATIONS = YES;
				CLANG_WARN_EMPTY_BODY = YES;
				CLANG_WARN_ENUM_CONVERSION = YES;
				CLANG_WARN_INFINITE_RECURSION = YES;
				CLANG_WARN_INT_CONVERSION = YES;
				CLANG_WARN_NON_LITERAL_NULL_CONVERSION = YES;
				CLANG_WARN_OBJC_IMPLICIT_RETAIN_SELF = YES;
				CLANG_WARN_OBJC_LITERAL_CONVERSION = YES;
				CLANG_WARN_RANGE_LOOP_ANALYSIS = YES;
				CLANG_WARN_STRICT_PROTOTYPES = YES;
				CLANG_WARN_SUSPICIOUS_MOVE = YES;
				CLANG_WARN_UNREACHABLE_CODE = YES;
				CLANG_WARN__DUPLICATE_METHOD_MATCH = YES;
				COPY_PHASE_STRIP = NO;
				ENABLE_STRICT_OBJC_MSGSEND = YES;
				ENABLE_TESTABILITY = YES;
				GCC_C_LANGUAGE_STANDARD = gnu99;
				GCC_DYNAMIC_NO_PIC = NO;
				GCC_ENABLE_OBJC_EXCEPTIONS = YES;
				GCC_NO_COMMON_BLOCKS = YES;
				GCC_OPTIMIZATION_LEVEL = 0;
				GCC_PREPROCESSOR_DEFINITIONS = (
					"DEBUG=1",
					"$(inherited)",
				);
				GCC_SYMBOLS_PRIVATE_EXTERN = NO;
				GCC_VERSION = com.apple.compilers.llvm.clang.1_0;
				GCC_WARN_64_TO_32_BIT_CONVERSION = YES;
				GCC_WARN_ABOUT_MISSING_PROTOTYPES = YES;
				GCC_WARN_ABOUT_RETURN_TYPE = YES;
				GCC_WARN_UNDECLARED_SELECTOR = YES;
				GCC_WARN_UNINITIALIZED_AUTOS = YES;
				GCC_WARN_UNUSED_FUNCTION = YES;
				GCC_WARN_UNUSED_VARIABLE = YES;
				MACOSX_DEPLOYMENT_TARGET = 10.8;
				ONLY_ACTIVE_ARCH = YES;
				SDKROOT = macosx;
			};
			name = Debug;
		};
		34FE3483142998020011B1B7 /* Release */ = {
			isa = XCBuildConfiguration;
			buildSettings = {
				ALWAYS_SEARCH_USER_PATHS = NO;
				CLANG_WARN_BLOCK_CAPTURE_AUTORELEASING = YES;
				CLANG_WARN_BOOL_CONVERSION = YES;
				CLANG_WARN_COMMA = YES;
				CLANG_WARN_CONSTANT_CONVERSION = YES;
				CLANG_WARN_DEPRECATED_OBJC_IMPLEMENTATIONS = YES;
				CLANG_WARN_EMPTY_BODY = YES;
				CLANG_WARN_ENUM_CONVERSION = YES;
				CLANG_WARN_INFINITE_RECURSION = YES;
				CLANG_WARN_INT_CONVERSION = YES;
				CLANG_WARN_NON_LITERAL_NULL_CONVERSION = YES;
				CLANG_WARN_OBJC_IMPLICIT_RETAIN_SELF = YES;
				CLANG_WARN_OBJC_LITERAL_CONVERSION = YES;
				CLANG_WARN_RANGE_LOOP_ANALYSIS = YES;
				CLANG_WARN_STRICT_PROTOTYPES = YES;
				CLANG_WARN_SUSPICIOUS_MOVE = YES;
				CLANG_WARN_UNREACHABLE_CODE = YES;
				CLANG_WARN__DUPLICATE_METHOD_MATCH = YES;
				COPY_PHASE_STRIP = YES;
				DEBUG_INFORMATION_FORMAT = "dwarf-with-dsym";
				ENABLE_STRICT_OBJC_MSGSEND = YES;
				GCC_C_LANGUAGE_STANDARD = gnu99;
				GCC_ENABLE_OBJC_EXCEPTIONS = YES;
				GCC_NO_COMMON_BLOCKS = YES;
				GCC_VERSION = com.apple.compilers.llvm.clang.1_0;
				GCC_WARN_64_TO_32_BIT_CONVERSION = YES;
				GCC_WARN_ABOUT_MISSING_PROTOTYPES = YES;
				GCC_WARN_ABOUT_RETURN_TYPE = YES;
				GCC_WARN_UNDECLARED_SELECTOR = YES;
				GCC_WARN_UNINITIALIZED_AUTOS = YES;
				GCC_WARN_UNUSED_FUNCTION = YES;
				GCC_WARN_UNUSED_VARIABLE = YES;
				MACOSX_DEPLOYMENT_TARGET = 10.8;
				SDKROOT = macosx;
			};
			name = Release;
		};
		34FE3485142998020011B1B7 /* Debug */ = {
			isa = XCBuildConfiguration;
			buildSettings = {
				CLANG_ENABLE_OBJC_WEAK = YES;
				GCC_PRECOMPILE_PREFIX_HEADER = YES;
				GCC_PREFIX_HEADER = "ScriptRunner/ScriptRunner-Prefix.pch";
				INFOPLIST_FILE = "ScriptRunner/ScriptRunner-Info.plist";
				PRODUCT_BUNDLE_IDENTIFIER = "TeXShop.${PRODUCT_NAME:rfc1034identifier}";
				PRODUCT_NAME = "$(TARGET_NAME)";
				WRAPPER_EXTENSION = app;
			};
			name = Debug;
		};
		34FE3486142998020011B1B7 /* Release */ = {
			isa = XCBuildConfiguration;
			buildSettings = {
				CLANG_ENABLE_OBJC_WEAK = YES;
				GCC_PRECOMPILE_PREFIX_HEADER = YES;
				GCC_PREFIX_HEADER = "ScriptRunner/ScriptRunner-Prefix.pch";
				INFOPLIST_FILE = "ScriptRunner/ScriptRunner-Info.plist";
				PRODUCT_BUNDLE_IDENTIFIER = "TeXShop.${PRODUCT_NAME:rfc1034identifier}";
				PRODUCT_NAME = "$(TARGET_NAME)";
				WRAPPER_EXTENSION = app;
			};
			name = Release;
		};
/* End XCBuildConfiguration section */

/* Begin XCConfigurationList section */
		34FE3460142998020011B1B7 /* Build configuration list for PBXProject "ScriptRunner" */ = {
			isa = XCConfigurationList;
			buildConfigurations = (
				34FE3482142998020011B1B7 /* Debug */,
				34FE3483142998020011B1B7 /* Release */,
			);
			defaultConfigurationIsVisible = 0;
			defaultConfigurationName = Release;
		};
		34FE3484142998020011B1B7 /* Build configuration list for PBXNativeTarget "ScriptRunner" */ = {
			isa = XCConfigurationList;
			buildConfigurations = (
				34FE3485142998020011B1B7 /* Debug */,
				34FE3486142998020011B1B7 /* Release */,
			);
			defaultConfigurationIsVisible = 0;
			defaultConfigurationName = Release;
		};
/* End XCConfigurationList section */
	};
	rootObject = 34FE345D142998020011B1B7 /* Project object */;
}
